lockfile_version: '1'
generated_at: '2026-05-11T17:48:12.136321+00:00'
apm_version: 0.13.0
dependencies:
- repo_url: EpicenterHQ/epicenter
  host: github.com
  resolved_commit: 56ca6c4af9805c67d2f866e2d693ed340250031c
  virtual_path: .agents/skills/tauri
  is_virtual: true
  package_type: claude_skill
  deployed_files:
  - .agents/skills/tauri
  - .claude/skills/tauri
  - .codeium/windsurf/skills/tauri
  content_hash: sha256:e9ad9f9304bdeaab54cfff99a5ab47b8215cc8043ef686ff9036e86572f36f1b
- repo_url: Heyvhuang/ship-faster
  host: github.com
  resolved_commit: 64047d24e0ecb513a5aa879767d95ec7e0e44462
  virtual_path: skills/cloudflare
  is_virtual: true
  package_type: claude_skill
  deployed_files:
  - .agents/skills/cloudflare
  - .claude/skills/cloudflare
  - .codeium/windsurf/skills/cloudflare
  content_hash: sha256:03937061c79fe7e9e989cd054bf3adff6123fa58fe3ba63ed984358854d94bb0
- repo_url: Heyvhuang/ship-faster
  host: github.com
  resolved_commit: 64047d24e0ecb513a5aa879767d95ec7e0e44462
  virtual_path: skills/tool-openclaw
  is_virtual: true
  package_type: claude_skill
  deployed_files:
  - .agents/skills/tool-openclaw
  - .claude/skills/tool-openclaw
  - .codeium/windsurf/skills/tool-openclaw
  content_hash: sha256:1b9cee49d17e42ed30aa3f429102ef2b9b7fddd94e705138dce852994cdbe447
- repo_url: Jakubantalik/transitions-dev
  host: github.com
  resolved_commit: 39f02b65f821383dc905a585172cbfd14e20b7f4
  virtual_path: skills/transitions-dev
  is_virtual: true
  package_type: claude_skill
  deployed_files:
  - .agents/skills/transitions-dev
  - .claude/skills/transitions-dev
  - .codeium/windsurf/skills/transitions-dev
  content_hash: sha256:08253db207976bc5aa30bbe550ca1fc5c598caedf8251f75471a3e6ab42f9ac7
- repo_url: Lum1104/Understand-Anything
  host: github.com
  resolved_commit: 53248fea8b0ab1eca8dc5ff2708ebad4970471a0
  virtual_path: understand-anything-plugin/skills/understand
  is_virtual: true
  package_type: claude_skill
  deployed_files:
  - .agents/skills/understand
  - .claude/skills/understand
  - .codeium/windsurf/skills/understand
  content_hash: sha256:2f46743e0816fd8cacbaaf8603e94bef7a5871287f67cc7805550c45f0cbae4c
- repo_url: Lum1104/Understand-Anything
  host: github.com
  resolved_commit: 53248fea8b0ab1eca8dc5ff2708ebad4970471a0
  virtual_path: understand-anything-plugin/skills/understand-chat
  is_virtual: true
  package_type: claude_skill
  deployed_files:
  - .agents/skills/understand-chat
  - .claude/skills/understand-chat
  - .codeium/windsurf/skills/understand-chat
  content_hash: sha256:99246057d1e523d0e5eed42e68083f978656661e53d73cac5e92983ccf1518ea
- repo_url: Lum1104/Understand-Anything
  host: github.com
  resolved_commit: 53248fea8b0ab1eca8dc5ff2708ebad4970471a0
  virtual_path: understand-anything-plugin/skills/understand-dashboard
  is_virtual: true
  package_type: claude_skill
  deployed_files:
  - .agents/skills/understand-dashboard
  - .claude/skills/understand-dashboard
  - .codeium/windsurf/skills/understand-dashboard
  content_hash: sha256:32771fb738e732febba2c780df113354fdc08085aee73e6531ded3e0ad17ee29
- repo_url: Lum1104/Understand-Anything
  host: github.com
  resolved_commit: 53248fea8b0ab1eca8dc5ff2708ebad4970471a0
  virtual_path: understand-anything-plugin/skills/understand-diff
  is_virtual: true
  package_type: claude_skill
  deployed_files:
  - .agents/skills/understand-diff
  - .claude/skills/understand-diff
  - .codeium/windsurf/skills/understand-diff
  content_hash: sha256:3ffd99e2f225db4dbab3ace73d37bedd7f7f670d3fbaa5a6fff0b6654a593820
- repo_url: Lum1104/Understand-Anything
  host: github.com
  resolved_commit: 53248fea8b0ab1eca8dc5ff2708ebad4970471a0
  virtual_path: understand-anything-plugin/skills/understand-explain
  is_virtual: true
  package_type: claude_skill
  deployed_files:
  - .agents/skills/understand-explain
  - .claude/skills/understand-explain
  - .codeium/windsurf/skills/understand-explain
  content_hash: sha256:3040f5a43b8cea6eba16117a863f171791863b9c00116e6eb96cc5f482e9cba2
- repo_url: Lum1104/Understand-Anything
  host: github.com
  resolved_commit: 53248fea8b0ab1eca8dc5ff2708ebad4970471a0
  virtual_path: understand-anything-plugin/skills/understand-onboard
  is_virtual: true
  package_type: claude_skill
  deployed_files:
  - .agents/skills/understand-onboard
  - .claude/skills/understand-onboard
  - .codeium/windsurf/skills/understand-onboard
  content_hash: sha256:2b3faf132aafb668ccc57fd743aac0584e7ec6966402c4693b9e7c180db34cce
- repo_url: SawyerHood/dev-browser
  host: github.com
  resolved_commit: 9c85e469e213badb5c5ff96987553e6ff05df9f4
  virtual_path: skills/dev-browser
  is_virtual: true
  package_type: claude_skill
  deployed_files:
  - .agents/skills/dev-browser
  - .claude/skills/dev-browser
  - .codeium/windsurf/skills/dev-browser
  content_hash: sha256:d50d11bbefdc1599d78900828dcb69d48e5091769d3f5ce10e06a60efe2405bf
- repo_url: anthropics/claude-code
  host: github.com
  resolved_commit: 60348c95361c632ea4898ae32a8eaae7bcfbb37a
  virtual_path: plugins/frontend-design/skills/frontend-design
  is_virtual: true
  package_type: claude_skill
  deployed_files:
  - .agents/skills/frontend-design
  - .claude/skills/frontend-design
  - .codeium/windsurf/skills/frontend-design
  content_hash: sha256:e8118284a6365753790d44bb2758a6032b3af27fa84696428d9233f2be0f4e78
- repo_url: apollographql/skills
  host: github.com
  resolved_commit: 64d4087d629e413da1bac780abeaefd653847440
  virtual_path: skills/rust-best-practices
  is_virtual: true
  package_type: claude_skill
  deployed_files:
  - .agents/skills/rust-best-practices
  - .claude/skills/rust-best-practices
  - .codeium/windsurf/skills/rust-best-practices
  content_hash: sha256:62f6902bb48e44f2cc6d4ccb85d7162eb3752e7a3970a735435df6a4b5913ad4
- repo_url: benjitaylor/agentation
  host: github.com
  resolved_commit: 7dc5d65378fa901e6eead81d4e2bb62950d49f0b
  virtual_path: skills/agentation
  is_virtual: true
  package_type: claude_skill
  deployed_files:
  - .agents/skills/agentation
  - .claude/skills/agentation
  - .codeium/windsurf/skills/agentation
  content_hash: sha256:6ba2c955bee6ab3e9c7781b2553e3574b4c9ec35e539437d0831bfe368de8550
- repo_url: benjitaylor/agentation
  host: github.com
  resolved_commit: 7dc5d65378fa901e6eead81d4e2bb62950d49f0b
  virtual_path: skills/agentation-self-driving
  is_virtual: true
  package_type: claude_skill
  deployed_files:
  - .agents/skills/agentation-self-driving
  - .claude/skills/agentation-self-driving
  - .codeium/windsurf/skills/agentation-self-driving
  content_hash: sha256:405cf94e4df9b048ab42e51f26ad971dc6b986167b74eb46393abd6f1f5b5f88
- repo_url: browser-use/browser-harness
  host: github.com
  resolved_commit: 32d8d515ed5e2b6e2aa72c18f3632eea1666d368
  package_type: claude_skill
  deployed_files:
  - .agents/skills/browser-harness
  - .claude/skills/browser-harness
  - .codeium/windsurf/skills/browser-harness
  content_hash: sha256:1c499d1c289cf6b2b358b966e67f0700ffa8889d488bb16d97e50cf24e08cf8b
- repo_url: caad-develop/claude-code-marketplace
  host: github.com
  resolved_commit: 2db6a01c3128061bb412c1429aa2386ac1a0c507
  virtual_path: plugins/infra/ca-pass
  is_virtual: true
  package_type: marketplace_plugin
  deployed_files:
  - .agents/skills/ca-pass
  - .claude/skills/ca-pass
  - .codeium/windsurf/skills/ca-pass
  content_hash: sha256:51221f2fbcb7a85aa77e66c5f5a3d1d748b3b8f626d861a88195e66aa2fd0c27
- repo_url: caad-develop/claude-code-marketplace
  host: github.com
  resolved_commit: 2db6a01c3128061bb412c1429aa2386ac1a0c507
  virtual_path: plugins/infra/mdb
  is_virtual: true
  package_type: marketplace_plugin
  deployed_files:
  - .agents/skills/mdb
  - .claude/skills/mdb
  - .codeium/windsurf/skills/mdb
  content_hash: sha256:3c7d57154c87020d236168529a418265389098f6d60aaa62c5bde31248e55ac0
- repo_url: caad-develop/claude-code-marketplace
  host: github.com
  resolved_commit: 2db6a01c3128061bb412c1429aa2386ac1a0c507
  virtual_path: plugins/infra/perman-aws-vault
  is_virtual: true
  package_type: marketplace_plugin
  deployed_files:
  - .agents/skills/perman-aws-vault
  - .claude/skills/perman-aws-vault
  - .codeium/windsurf/skills/perman-aws-vault
  content_hash: sha256:ef78161e2eec3e05d6141cf7a818bab7fdaef8b24205d9e118d2081e3747c9f6
- repo_url: cloudflare/skills
  host: github.com
  resolved_commit: 60147cbb773649eadca89cee92b4e0caf02234b4
  virtual_path: skills/workers-best-practices
  is_virtual: true
  package_type: claude_skill
  deployed_files:
  - .agents/skills/workers-best-practices
  - .claude/skills/workers-best-practices
  - .codeium/windsurf/skills/workers-best-practices
  content_hash: sha256:ebd71bed0ade41e2d4839b0d280ec6d93dced0d19f568d27b92da00e4aa9943c
- repo_url: cloudflare/skills
  host: github.com
  resolved_commit: 60147cbb773649eadca89cee92b4e0caf02234b4
  virtual_path: skills/wrangler
  is_virtual: true
  package_type: claude_skill
  deployed_files:
  - .agents/skills/wrangler
  - .claude/skills/wrangler
  - .codeium/windsurf/skills/wrangler
  content_hash: sha256:11edeb37eedb91deedde694b2bb1cc4ff4e8b5a8f1836c217a8c871fe39abcb5
- repo_url: gonta223/humanizer-ja
  host: github.com
  resolved_commit: a1e343696e43aa50e7218891f3319ab22cde3464
  package_type: claude_skill
  deployed_files:
  - .agents/skills/humanizer-ja
  - .claude/skills/humanizer-ja
  - .codeium/windsurf/skills/humanizer-ja
  content_hash: sha256:b6da4ef92a941ab364ab1ddf259d9e511e098a0719f7ee2202847351c34a8194
- repo_url: ibelick/ui-skills
  host: github.com
  resolved_commit: dbf83e8869f75e196e3b1ad6e3be17fad152e1b5
  virtual_path: skills/baseline-ui
  is_virtual: true
  package_type: claude_skill
  deployed_files:
  - .agents/skills/baseline-ui
  - .claude/skills/baseline-ui
  - .codeium/windsurf/skills/baseline-ui
  content_hash: sha256:49817c981208de2f412719f7814d31eba2b2096462edc048a279d93f522cab0f
- repo_url: ibelick/ui-skills
  host: github.com
  resolved_commit: dbf83e8869f75e196e3b1ad6e3be17fad152e1b5
  virtual_path: skills/fixing-accessibility
  is_virtual: true
  package_type: claude_skill
  deployed_files:
  - .agents/skills/fixing-accessibility
  - .claude/skills/fixing-accessibility
  - .codeium/windsurf/skills/fixing-accessibility
  content_hash: sha256:4fa8f5a772b4eef3d28a54c136b507d070e54e2c326578f65eaf5e5a0118b38a
- repo_url: ibelick/ui-skills
  host: github.com
  resolved_commit: dbf83e8869f75e196e3b1ad6e3be17fad152e1b5
  virtual_path: skills/fixing-metadata
  is_virtual: true
  package_type: claude_skill
  deployed_files:
  - .agents/skills/fixing-metadata
  - .claude/skills/fixing-metadata
  - .codeium/windsurf/skills/fixing-metadata
  content_hash: sha256:699e13890fb50acffa02dfd2d5b0e719bd916a9e2b7e6035bdc4513fc73d9174
- repo_url: ibelick/ui-skills
  host: github.com
  resolved_commit: dbf83e8869f75e196e3b1ad6e3be17fad152e1b5
  virtual_path: skills/fixing-motion-performance
  is_virtual: true
  package_type: claude_skill
  deployed_files:
  - .agents/skills/fixing-motion-performance
  - .claude/skills/fixing-motion-performance
  - .codeium/windsurf/skills/fixing-motion-performance
  content_hash: sha256:426dcf33f23419643f2aab71e2253e1a5b5684a808fabb8a4ad135e489ed7a0f
- repo_url: jakubkrehel/make-interfaces-feel-better
  host: github.com
  resolved_commit: 384562064fcdd99778fcbafd8729626fe6aab02f
  virtual_path: skills/make-interfaces-feel-better
  is_virtual: true
  package_type: claude_skill
  deployed_files:
  - .agents/skills/make-interfaces-feel-better
  - .claude/skills/make-interfaces-feel-better
  - .codeium/windsurf/skills/make-interfaces-feel-better
  content_hash: sha256:99aaea521aa0f1c7d041d70bb6b75581c1a50ec6ac59ceaaa923b6339ffa417b
- repo_url: jey3dayo/apm-workspace
  host: github.com
  resolved_commit: 8ec4086a913df638f04ec4160342e4e8dc8a4421
  resolved_ref: main
  virtual_path: catalog
  is_virtual: true
  package_type: skill_bundle
  deployed_files:
  - .agents/skills/agent-creator
  - .agents/skills/apm-usage
  - .agents/skills/atomic-commit
  - .agents/skills/chrome-debug
  - .agents/skills/claude-system
  - .agents/skills/code-quality-improvement
  - .agents/skills/code-review
  - .agents/skills/codex-code-review
  - .agents/skills/codex-plan-review
  - .agents/skills/codex-system
  - .agents/skills/command-creator
  - .agents/skills/design-md-workflow
  - .agents/skills/distributions-manager
  - .agents/skills/docs-index
  - .agents/skills/docs-manager
  - .agents/skills/documentation-management
  - .agents/skills/dotenvx-env-ops
  - .agents/skills/dotfiles-integration
  - .agents/skills/drawio
  - .agents/skills/gemini-system
  - .agents/skills/generate-svg
  - .agents/skills/gh-create-pr
  - .agents/skills/git-automation
  - .agents/skills/git-worktree
  - .agents/skills/golang
  - .agents/skills/greptileai
  - .agents/skills/implementation-engine
  - .agents/skills/integration-framework
  - .agents/skills/knowledge-creator
  - .agents/skills/learnings-knowledge
  - .agents/skills/linear-task-ops
  - .agents/skills/mcp-tools
  - .agents/skills/mise
  - .agents/skills/mole-management
  - .agents/skills/nix-dotfiles
  - .agents/skills/nvim
  - .agents/skills/polish
  - .agents/skills/pr-feedback-orchestrator
  - .agents/skills/predictive-analysis
  - .agents/skills/premortem
  - .agents/skills/project-maintenance
  - .agents/skills/react
  - .agents/skills/react-grid-layout
  - .agents/skills/refactoring
  - .agents/skills/rtk
  - .agents/skills/rules-creator
  - .agents/skills/similarity
  - .agents/skills/skill-creator
  - .agents/skills/slide-docs
  - .agents/skills/subagent-task-review-loop
  - .agents/skills/task-router
  - .agents/skills/task-to-pr
  - .agents/skills/tauri-dev-screenshot
  - .agents/skills/tauri-icon-gen
  - .agents/skills/tauri-webview-geometry
  - .agents/skills/tsr
  - .agents/skills/typescript
  - .agents/skills/wezterm
  - .agents/skills/zsh
  - .claude/skills/agent-creator
  - .claude/skills/apm-usage
  - .claude/skills/atomic-commit
  - .claude/skills/chrome-debug
  - .claude/skills/claude-system
  - .claude/skills/code-quality-improvement
  - .claude/skills/code-review
  - .claude/skills/codex-code-review
  - .claude/skills/codex-plan-review
  - .claude/skills/codex-system
  - .claude/skills/command-creator
  - .claude/skills/design-md-workflow
  - .claude/skills/distributions-manager
  - .claude/skills/docs-index
  - .claude/skills/docs-manager
  - .claude/skills/documentation-management
  - .claude/skills/dotenvx-env-ops
  - .claude/skills/dotfiles-integration
  - .claude/skills/drawio
  - .claude/skills/gemini-system
  - .claude/skills/generate-svg
  - .claude/skills/gh-create-pr
  - .claude/skills/git-automation
  - .claude/skills/git-worktree
  - .claude/skills/golang
  - .claude/skills/greptileai
  - .claude/skills/implementation-engine
  - .claude/skills/integration-framework
  - .claude/skills/knowledge-creator
  - .claude/skills/learnings-knowledge
  - .claude/skills/linear-task-ops
  - .claude/skills/mcp-tools
  - .claude/skills/mise
  - .claude/skills/mole-management
  - .claude/skills/nix-dotfiles
  - .claude/skills/nvim
  - .claude/skills/polish
  - .claude/skills/pr-feedback-orchestrator
  - .claude/skills/predictive-analysis
  - .claude/skills/premortem
  - .claude/skills/project-maintenance
  - .claude/skills/react
  - .claude/skills/react-grid-layout
  - .claude/skills/refactoring
  - .claude/skills/rtk
  - .claude/skills/rules-creator
  - .claude/skills/similarity
  - .claude/skills/skill-creator
  - .claude/skills/slide-docs
  - .claude/skills/subagent-task-review-loop
  - .claude/skills/task-router
  - .claude/skills/task-to-pr
  - .claude/skills/tauri-dev-screenshot
  - .claude/skills/tauri-icon-gen
  - .claude/skills/tauri-webview-geometry
  - .claude/skills/tsr
  - .claude/skills/typescript
  - .claude/skills/wezterm
  - .claude/skills/zsh
  - .codeium/windsurf/skills/agent-creator
  - .codeium/windsurf/skills/apm-usage
  - .codeium/windsurf/skills/atomic-commit
  - .codeium/windsurf/skills/chrome-debug
  - .codeium/windsurf/skills/claude-system
  - .codeium/windsurf/skills/code-quality-improvement
  - .codeium/windsurf/skills/code-review
  - .codeium/windsurf/skills/codex-code-review
  - .codeium/windsurf/skills/codex-plan-review
  - .codeium/windsurf/skills/codex-system
  - .codeium/windsurf/skills/command-creator
  - .codeium/windsurf/skills/design-md-workflow
  - .codeium/windsurf/skills/distributions-manager
  - .codeium/windsurf/skills/docs-index
  - .codeium/windsurf/skills/docs-manager
  - .codeium/windsurf/skills/documentation-management
  - .codeium/windsurf/skills/dotenvx-env-ops
  - .codeium/windsurf/skills/dotfiles-integration
  - .codeium/windsurf/skills/drawio
  - .codeium/windsurf/skills/gemini-system
  - .codeium/windsurf/skills/generate-svg
  - .codeium/windsurf/skills/gh-create-pr
  - .codeium/windsurf/skills/git-automation
  - .codeium/windsurf/skills/git-worktree
  - .codeium/windsurf/skills/golang
  - .codeium/windsurf/skills/greptileai
  - .codeium/windsurf/skills/implementation-engine
  - .codeium/windsurf/skills/integration-framework
  - .codeium/windsurf/skills/knowledge-creator
  - .codeium/windsurf/skills/learnings-knowledge
  - .codeium/windsurf/skills/linear-task-ops
  - .codeium/windsurf/skills/mcp-tools
  - .codeium/windsurf/skills/mise
  - .codeium/windsurf/skills/mole-management
  - .codeium/windsurf/skills/nix-dotfiles
  - .codeium/windsurf/skills/nvim
  - .codeium/windsurf/skills/polish
  - .codeium/windsurf/skills/pr-feedback-orchestrator
  - .codeium/windsurf/skills/predictive-analysis
  - .codeium/windsurf/skills/premortem
  - .codeium/windsurf/skills/project-maintenance
  - .codeium/windsurf/skills/react
  - .codeium/windsurf/skills/react-grid-layout
  - .codeium/windsurf/skills/refactoring
  - .codeium/windsurf/skills/rtk
  - .codeium/windsurf/skills/rules-creator
  - .codeium/windsurf/skills/similarity
  - .codeium/windsurf/skills/skill-creator
  - .codeium/windsurf/skills/slide-docs
  - .codeium/windsurf/skills/subagent-task-review-loop
  - .codeium/windsurf/skills/task-router
  - .codeium/windsurf/skills/task-to-pr
  - .codeium/windsurf/skills/tauri-dev-screenshot
  - .codeium/windsurf/skills/tauri-icon-gen
  - .codeium/windsurf/skills/tauri-webview-geometry
  - .codeium/windsurf/skills/tsr
  - .codeium/windsurf/skills/typescript
  - .codeium/windsurf/skills/wezterm
  - .codeium/windsurf/skills/zsh
  content_hash: sha256:21c547faa7254faa2dfb192b45656194b6e88e82cad62ff46efb08b4db43f67a
- repo_url: langchain-ai/deepagents
  host: github.com
  resolved_commit: 94628fef98aefb5389ab56c8acee31726d6385dc
  virtual_path: libs/cli/examples/skills/web-research
  is_virtual: true
  package_type: claude_skill
  deployed_files:
  - .agents/skills/web-research
  - .claude/skills/web-research
  - .codeium/windsurf/skills/web-research
  content_hash: sha256:2b66d5db8c8d70474e70638f437f324fb3af3724b71bf8501e48c8004e70e677
- repo_url: millionco/react-doctor
  host: github.com
  resolved_commit: 0053faa0a85dda7d57bc09764ab600655829a4c0
  virtual_path: skills/react-doctor
  is_virtual: true
  package_type: claude_skill
  deployed_files:
  - .agents/skills/react-doctor
  - .claude/skills/react-doctor
  - .codeium/windsurf/skills/react-doctor
  content_hash: sha256:b8f396bd6db7404a899af03e649f2cf12f4c846ee7d85b6b9a475cb8175abb49
- repo_url: mizchi/skills
  host: github.com
  resolved_commit: 2036fb480a8b442c7b6298595b38c9a7a25b97af
  virtual_path: empirical-prompt-tuning
  is_virtual: true
  package_type: claude_skill
  deployed_files:
  - .agents/skills/empirical-prompt-tuning
  - .claude/skills/empirical-prompt-tuning
  - .codeium/windsurf/skills/empirical-prompt-tuning
  content_hash: sha256:9c64f10bca463d3ea059d1659d4dd9fddfd90239825c44f1be20c18a2e15b69a
- repo_url: nextlevelbuilder/ui-ux-pro-max-skill
  host: github.com
  resolved_commit: b7e3af80f6e331f6fb456667b82b12cade7c9d35
  package_type: marketplace_plugin
  deployed_files:
  - .claude/skills/ui-ux-pro-max
  - .codeium/windsurf/skills/ui-ux-pro-max
  content_hash: sha256:f967740cfa8aced3860967f06558f8b3df7d843b325b104284201d7e645d17d4
- repo_url: nyosegawa/skills
  host: github.com
  resolved_commit: c1048fe35403a3f273132306a4d49278f189c64b
  virtual_path: skills/skill-auditor
  is_virtual: true
  package_type: claude_skill
  deployed_files:
  - .agents/skills/skill-auditor
  - .claude/skills/skill-auditor
  - .codeium/windsurf/skills/skill-auditor
  content_hash: sha256:65a6f52fd391671fe6f334130290fd9c6787d2daeb22cdff55fa727977876e04
- repo_url: obra/superpowers
  host: github.com
  resolved_commit: f2cbfbefebbfef77321e4c9abc9e949826bea9d7
  virtual_path: skills/brainstorming
  is_virtual: true
  package_type: claude_skill
  deployed_files:
  - .agents/skills/brainstorming
  - .claude/skills/brainstorming
  - .codeium/windsurf/skills/brainstorming
  content_hash: sha256:1518efecf35139a9a5b9e60906b71de874af08322200fab18a54848cea8c15fe
- repo_url: obra/superpowers
  host: github.com
  resolved_commit: f2cbfbefebbfef77321e4c9abc9e949826bea9d7
  virtual_path: skills/dispatching-parallel-agents
  is_virtual: true
  package_type: claude_skill
  deployed_files:
  - .agents/skills/dispatching-parallel-agents
  - .claude/skills/dispatching-parallel-agents
  - .codeium/windsurf/skills/dispatching-parallel-agents
  content_hash: sha256:e21044ae7496fc285f1df9ff3fb518a3a20bea6f5216c1f59f4987e12c769a0a
- repo_url: obra/superpowers
  host: github.com
  resolved_commit: f2cbfbefebbfef77321e4c9abc9e949826bea9d7
  virtual_path: skills/executing-plans
  is_virtual: true
  package_type: claude_skill
  deployed_files:
  - .agents/skills/executing-plans
  - .claude/skills/executing-plans
  - .codeium/windsurf/skills/executing-plans
  content_hash: sha256:b41c919caf1bb07fbacb0e29899ac513f9eb11cd4dd695975ad352c2c03cc4d7
- repo_url: obra/superpowers
  host: github.com
  resolved_commit: f2cbfbefebbfef77321e4c9abc9e949826bea9d7
  virtual_path: skills/finishing-a-development-branch
  is_virtual: true
  package_type: claude_skill
  deployed_files:
  - .agents/skills/finishing-a-development-branch
  - .claude/skills/finishing-a-development-branch
  - .codeium/windsurf/skills/finishing-a-development-branch
  content_hash: sha256:932d23af11a3eb2b758f5b1d9aec7b6d28ddd26658328414f87f34dff7179d19
- repo_url: obra/superpowers
  host: github.com
  resolved_commit: f2cbfbefebbfef77321e4c9abc9e949826bea9d7
  virtual_path: skills/receiving-code-review
  is_virtual: true
  package_type: claude_skill
  deployed_files:
  - .agents/skills/receiving-code-review
  - .claude/skills/receiving-code-review
  - .codeium/windsurf/skills/receiving-code-review
  content_hash: sha256:2760c85d4f4117b0006e7ba755f4bbd61f8f4c185f347999763c97f507274e30
- repo_url: obra/superpowers
  host: github.com
  resolved_commit: f2cbfbefebbfef77321e4c9abc9e949826bea9d7
  virtual_path: skills/requesting-code-review
  is_virtual: true
  package_type: claude_skill
  deployed_files:
  - .agents/skills/requesting-code-review
  - .claude/skills/requesting-code-review
  - .codeium/windsurf/skills/requesting-code-review
  content_hash: sha256:5a53d1f7f4cee4dee017a50d735335c7aae1874b2746207e076b5d9035315599
- repo_url: obra/superpowers
  host: github.com
  resolved_commit: f2cbfbefebbfef77321e4c9abc9e949826bea9d7
  virtual_path: skills/subagent-driven-development
  is_virtual: true
  package_type: claude_skill
  deployed_files:
  - .agents/skills/subagent-driven-development
  - .claude/skills/subagent-driven-development
  - .codeium/windsurf/skills/subagent-driven-development
  content_hash: sha256:22847d331db0aaedde0738d794896658020d25b703136d64f6690ee944688b7c
- repo_url: obra/superpowers
  host: github.com
  resolved_commit: f2cbfbefebbfef77321e4c9abc9e949826bea9d7
  virtual_path: skills/systematic-debugging
  is_virtual: true
  package_type: claude_skill
  deployed_files:
  - .agents/skills/systematic-debugging
  - .claude/skills/systematic-debugging
  - .codeium/windsurf/skills/systematic-debugging
  content_hash: sha256:ebdc9e15e5745a87d6342b6ebbc90d1ac2766b95f2334a9450fc696842815e4d
- repo_url: obra/superpowers
  host: github.com
  resolved_commit: f2cbfbefebbfef77321e4c9abc9e949826bea9d7
  virtual_path: skills/test-driven-development
  is_virtual: true
  package_type: claude_skill
  deployed_files:
  - .agents/skills/test-driven-development
  - .claude/skills/test-driven-development
  - .codeium/windsurf/skills/test-driven-development
  content_hash: sha256:126f1ebf6ccd414f42544f6e83d8cc5adb089e1108eaffb7c400701e37eecd9f
- repo_url: obra/superpowers
  host: github.com
  resolved_commit: f2cbfbefebbfef77321e4c9abc9e949826bea9d7
  virtual_path: skills/using-git-worktrees
  is_virtual: true
  package_type: claude_skill
  deployed_files:
  - .agents/skills/using-git-worktrees
  - .claude/skills/using-git-worktrees
  - .codeium/windsurf/skills/using-git-worktrees
  content_hash: sha256:bd10bc57c23040630b17c877a9bc7b4be40c35161a2e2f110d770d78e3b0a4ff
- repo_url: obra/superpowers
  host: github.com
  resolved_commit: f2cbfbefebbfef77321e4c9abc9e949826bea9d7
  virtual_path: skills/using-superpowers
  is_virtual: true
  package_type: claude_skill
  deployed_files:
  - .agents/skills/using-superpowers
  - .claude/skills/using-superpowers
  - .codeium/windsurf/skills/using-superpowers
  content_hash: sha256:114207d2bda1336e283288aed358f51e1a78bbcd42e7d4e3e16a89095a89b006
- repo_url: obra/superpowers
  host: github.com
  resolved_commit: f2cbfbefebbfef77321e4c9abc9e949826bea9d7
  virtual_path: skills/verification-before-completion
  is_virtual: true
  package_type: claude_skill
  deployed_files:
  - .agents/skills/verification-before-completion
  - .claude/skills/verification-before-completion
  - .codeium/windsurf/skills/verification-before-completion
  content_hash: sha256:9b446f0c7fe1cfb560b1d34439523b1a76d5f177290007b2c053a1c749a4a8ba
- repo_url: obra/superpowers
  host: github.com
  resolved_commit: f2cbfbefebbfef77321e4c9abc9e949826bea9d7
  virtual_path: skills/writing-plans
  is_virtual: true
  package_type: claude_skill
  deployed_files:
  - .agents/skills/writing-plans
  - .claude/skills/writing-plans
  - .codeium/windsurf/skills/writing-plans
  content_hash: sha256:6525448d840035c66700b81fbbfeb77431df04316615869569393f62af6a5616
- repo_url: obra/superpowers
  host: github.com
  resolved_commit: f2cbfbefebbfef77321e4c9abc9e949826bea9d7
  virtual_path: skills/writing-skills
  is_virtual: true
  package_type: claude_skill
  deployed_files:
  - .agents/skills/writing-skills
  - .claude/skills/writing-skills
  - .codeium/windsurf/skills/writing-skills
  content_hash: sha256:272ccd701f41b94e1119aaa99455a52cdb8e07283cb6a6aab32a7722d96bef45
- repo_url: openai/codex-plugin-cc
  host: github.com
  resolved_commit: 807e03ac9d5aa23bc395fdec8c3767500a86b3cf
  virtual_path: plugins/codex/skills/codex-cli-runtime
  is_virtual: true
  package_type: claude_skill
  deployed_files:
  - .agents/skills/codex-cli-runtime
  - .claude/skills/codex-cli-runtime
  - .codeium/windsurf/skills/codex-cli-runtime
  content_hash: sha256:03b09f8ad5721f1d33d830cff54637656c58920befcb32835c6f003e625a7a54
- repo_url: openai/codex-plugin-cc
  host: github.com
  resolved_commit: 807e03ac9d5aa23bc395fdec8c3767500a86b3cf
  virtual_path: plugins/codex/skills/codex-result-handling
  is_virtual: true
  package_type: claude_skill
  deployed_files:
  - .agents/skills/codex-result-handling
  - .claude/skills/codex-result-handling
  - .codeium/windsurf/skills/codex-result-handling
  content_hash: sha256:1ca05b8eb3e45816b428dc71e24355a89a8f997502ade309e0c53a06adb1b1e7
- repo_url: openai/codex-plugin-cc
  host: github.com
  resolved_commit: 807e03ac9d5aa23bc395fdec8c3767500a86b3cf
  virtual_path: plugins/codex/skills/gpt-5-4-prompting
  is_virtual: true
  package_type: claude_skill
  deployed_files:
  - .agents/skills/gpt-5-4-prompting
  - .claude/skills/gpt-5-4-prompting
  - .codeium/windsurf/skills/gpt-5-4-prompting
  content_hash: sha256:8e00d64a5cd9b4477e55c4a7ad0f02328ff1991ea93e2ac1fb7839b3891d3f2d
- repo_url: openai/skills
  host: github.com
  resolved_commit: 4c4058ebf44f6734e62c70ab4a81246d4d093fc8
  virtual_path: skills/.curated/gh-address-comments
  is_virtual: true
  package_type: claude_skill
  deployed_files:
  - .agents/skills/gh-address-comments
  - .claude/skills/gh-address-comments
  - .codeium/windsurf/skills/gh-address-comments
  content_hash: sha256:068d34fb59cb97a39aea3de1708877b6a01210d02fa7eda5e74fc8277ed52916
- repo_url: openai/skills
  host: github.com
  resolved_commit: 4c4058ebf44f6734e62c70ab4a81246d4d093fc8
  virtual_path: skills/.curated/gh-fix-ci
  is_virtual: true
  package_type: claude_skill
  deployed_files:
  - .agents/skills/gh-fix-ci
  - .claude/skills/gh-fix-ci
  - .codeium/windsurf/skills/gh-fix-ci
  content_hash: sha256:02b4d97e4bd91e342e3ec3efa06b7871097d6a64e8398f4ed5b69c64d8d902fb
- repo_url: softaworks/agent-toolkit
  host: github.com
  resolved_commit: 3027f20f3181758385a1bb8c022d4041dfb4de84
  virtual_path: skills/humanizer
  is_virtual: true
  package_type: claude_skill
  deployed_files:
  - .agents/skills/humanizer
  - .claude/skills/humanizer
  - .codeium/windsurf/skills/humanizer
  content_hash: sha256:34a38e6acc60d4529612d41ffe740bca0060d3c5e89e2a0d24ae795f67157fbb
- repo_url: tokoroten/prompt-review
  host: github.com
  resolved_commit: 0a83fd9eeead58fe92d0b04522da9e6840a71940
  virtual_path: .claude/skills/prompt-review
  is_virtual: true
  package_type: claude_skill
  deployed_files:
  - .agents/skills/prompt-review
  - .claude/skills/prompt-review
  - .codeium/windsurf/skills/prompt-review
  content_hash: sha256:8280504199d448d61d54028fc25f491378172d40e801c356eb9126c37a831a66
- repo_url: trailofbits/skills
  host: github.com
  resolved_commit: a56045e9ae00b3506cacefea0f672aab0a1a6e3c
  virtual_path: plugins/agentic-actions-auditor
  is_virtual: true
  package_type: marketplace_plugin
  deployed_files:
  - .agents/skills/agentic-actions-auditor
  - .claude/skills/agentic-actions-auditor
  - .codeium/windsurf/skills/agentic-actions-auditor
  content_hash: sha256:2803b2bf55ab6afb78262ef116f44f095ae6173d81e27d140e51a634ef4d5990
- repo_url: trailofbits/skills
  host: github.com
  resolved_commit: a56045e9ae00b3506cacefea0f672aab0a1a6e3c
  virtual_path: plugins/audit-context-building/skills/audit-context-building
  is_virtual: true
  package_type: claude_skill
  deployed_files:
  - .agents/skills/audit-context-building
  - .claude/skills/audit-context-building
  - .codeium/windsurf/skills/audit-context-building
  content_hash: sha256:a0abaac9302501e02ba868d34d1457a817a6267ae235ef95afa098d3cf03f338
- repo_url: trailofbits/skills
  host: github.com
  resolved_commit: a56045e9ae00b3506cacefea0f672aab0a1a6e3c
  virtual_path: plugins/sharp-edges
  is_virtual: true
  package_type: marketplace_plugin
  deployed_files:
  - .agents/skills/sharp-edges
  - .claude/skills/sharp-edges
  - .codeium/windsurf/skills/sharp-edges
  - .codeium/windsurf/skills/sharp-edges-analyzer/SKILL.md
  - .codex/agents/sharp-edges-analyzer.toml
  deployed_file_hashes:
    .codeium/windsurf/skills/sharp-edges-analyzer/SKILL.md: sha256:c0663d7534da442b7a3f9829e9d36854067be3814cfada7f507908a076489ca9
    .codex/agents/sharp-edges-analyzer.toml: sha256:e4acab6229d633e03f6e1621e2051cbb3b081052541d26d28cf0e1b91e3d165c
  content_hash: sha256:0a7945aa202c4a525cf47928540e4cf76a5644cd2db6f3486282b285c8f735d9
- repo_url: trailofbits/skills
  host: github.com
  resolved_commit: a56045e9ae00b3506cacefea0f672aab0a1a6e3c
  virtual_path: plugins/static-analysis
  is_virtual: true
  package_type: marketplace_plugin
  deployed_files:
  - .agents/skills/codeql
  - .agents/skills/sarif-parsing
  - .agents/skills/semgrep
  - .claude/skills/codeql
  - .claude/skills/sarif-parsing
  - .claude/skills/semgrep
  - .codeium/windsurf/skills/codeql
  - .codeium/windsurf/skills/sarif-parsing
  - .codeium/windsurf/skills/semgrep
  - .codeium/windsurf/skills/semgrep-scanner/SKILL.md
  - .codex/agents/semgrep-scanner.toml
  deployed_file_hashes:
    .codeium/windsurf/skills/semgrep-scanner/SKILL.md: sha256:ec8f42da4a67bc4cc25de85891b8cf4fdfdd80c849d174d09cc216c8ab37e05c
    .codex/agents/semgrep-scanner.toml: sha256:2d00271838d665aa25d5c96e141812aed82be9497b0b716c47d376ea4ef33954
  content_hash: sha256:c0a9571c4d943b4a77c3192557c27a990914c57d09d92966c9f795164dd3b647
- repo_url: trailofbits/skills
  host: github.com
  resolved_commit: a56045e9ae00b3506cacefea0f672aab0a1a6e3c
  virtual_path: plugins/supply-chain-risk-auditor/skills/supply-chain-risk-auditor
  is_virtual: true
  package_type: claude_skill
  deployed_files:
  - .agents/skills/supply-chain-risk-auditor
  - .claude/skills/supply-chain-risk-auditor
  - .codeium/windsurf/skills/supply-chain-risk-auditor
  content_hash: sha256:a1ad4b676f0870bf2c8844876dee06feeb9127a3e7499683bac3727f6a3839cf
- repo_url: vercel-labs/agent-browser
  host: github.com
  resolved_commit: 3bb1d43f8bb16444596365496f78395da8f1e6b7
  virtual_path: skills/agent-browser
  is_virtual: true
  package_type: claude_skill
  deployed_files:
  - .agents/skills/agent-browser
  - .claude/skills/agent-browser
  - .codeium/windsurf/skills/agent-browser
  content_hash: sha256:6f68d01b14796e410746fab39c2d6b36dcfa030dd59eb772f6418e2db949a16c
- repo_url: vercel-labs/agent-skills
  host: github.com
  resolved_commit: b9c8ee0643d87d3c5a953d1e22382ff2ead39229
  virtual_path: skills/composition-patterns
  is_virtual: true
  package_type: claude_skill
  deployed_files:
  - .agents/skills/composition-patterns
  - .claude/skills/composition-patterns
  - .codeium/windsurf/skills/composition-patterns
  content_hash: sha256:5b3564ca435f4714d5e65023351e1999e4744818603a9cfb6a6f6a61b7d84918
- repo_url: vercel-labs/agent-skills
  host: github.com
  resolved_commit: b9c8ee0643d87d3c5a953d1e22382ff2ead39229
  virtual_path: skills/react-best-practices
  is_virtual: true
  package_type: claude_skill
  deployed_files:
  - .agents/skills/react-best-practices
  - .claude/skills/react-best-practices
  - .codeium/windsurf/skills/react-best-practices
  content_hash: sha256:74f142d28d360d78e8bac4f239a84c87f0ced9015729bc72b5458d82ff45b015
- repo_url: vercel-labs/agent-skills
  host: github.com
  resolved_commit: b9c8ee0643d87d3c5a953d1e22382ff2ead39229
  virtual_path: skills/web-design-guidelines
  is_virtual: true
  package_type: claude_skill
  deployed_files:
  - .agents/skills/web-design-guidelines
  - .claude/skills/web-design-guidelines
  - .codeium/windsurf/skills/web-design-guidelines
  content_hash: sha256:a6a44d5498f7e8f68289902f3dedfc6f38ae0cee1e96527c80724cf27f727c2a
- repo_url: vercel-labs/skills
  host: github.com
  resolved_commit: eec87fd44fca572d5275a472ea13c31aaceb65d0
  virtual_path: skills/find-skills
  is_virtual: true
  package_type: claude_skill
  deployed_files:
  - .agents/skills/find-skills
  - .claude/skills/find-skills
  - .codeium/windsurf/skills/find-skills
  content_hash: sha256:d31e234f0c90694a670222cdd1dafa853e051d7066beda389f1097c22dadd461
mcp_servers:
- chrome-devtools
- context7
- mcp-simple-voicevox
- peekaboo
- tauri-mcp-server
mcp_configs:
  chrome-devtools:
    name: chrome-devtools
    transport: stdio
    args:
    - -y
    - chrome-devtools-mcp@latest
    - --browserUrl
    - http://127.0.0.1:9222
    registry: false
    command: npx
  context7:
    name: context7
    transport: stdio
    args:
    - -y
    - '@upstash/context7-mcp@latest'
    registry: false
    command: npx
  mcp-simple-voicevox:
    name: mcp-simple-voicevox
    transport: stdio
    args:
    - -y
    - '@t09tanaka/mcp-simple-voicevox'
    registry: false
    command: npx
  peekaboo:
    name: peekaboo
    transport: stdio
    args:
    - -y
    - '@steipete/peekaboo'
    - mcp
    registry: false
    command: npx
  tauri-mcp-server:
    name: tauri-mcp-server
    transport: stdio
    args:
    - -y
    - '@hypothesi/tauri-mcp-server'
    registry: false
    command: npx
