lockfile_version: '1'
generated_at: '2026-05-25T07:07:48.895516+00:00'
apm_version: 0.14.2
dependencies:
- repo_url: EpicenterHQ/epicenter
  host: github.com
  resolved_commit: cd564989ba168e5e548403902b68225199d8fa1f
  virtual_path: .agents/skills/tauri
  is_virtual: true
  package_type: claude_skill
  deployed_files:
  - .agents/skills/tauri
  - .claude/skills/tauri
  - .codeium/windsurf/skills/tauri
  content_hash: sha256:bc74e7716b189a74251833f8018ba2e13d7ec25cf77c5214ce6ff1673a193188
- repo_url: Jakubantalik/transitions-dev
  host: github.com
  resolved_commit: 038b0bdc75375c2beed51d1e824c98cdc7b86f8c
  virtual_path: skills/transitions-dev
  is_virtual: true
  package_type: claude_skill
  deployed_files:
  - .agents/skills/transitions-dev
  - .claude/skills/transitions-dev
  - .codeium/windsurf/skills/transitions-dev
  content_hash: sha256:8cf9ba1ed0d52741e4ed1dafc6ee4543e32f1e516f958d750e81412bfc36dd13
- repo_url: Lum1104/Understand-Anything
  host: github.com
  resolved_commit: 470cc01dc5f9236a93eb704afdd479cd5db79710
  virtual_path: understand-anything-plugin/skills/understand
  is_virtual: true
  package_type: claude_skill
  deployed_files:
  - .agents/skills/understand
  - .claude/skills/understand
  - .codeium/windsurf/skills/understand
  content_hash: sha256:c0a2988471f970691f9c8f1a67e96d4cdd97b6702e9186a9f8af6482c22bbec3
- repo_url: Lum1104/Understand-Anything
  host: github.com
  resolved_commit: 470cc01dc5f9236a93eb704afdd479cd5db79710
  virtual_path: understand-anything-plugin/skills/understand-chat
  is_virtual: true
  package_type: claude_skill
  deployed_files:
  - .agents/skills/understand-chat
  - .claude/skills/understand-chat
  - .codeium/windsurf/skills/understand-chat
  content_hash: sha256:3cec7cc6b02177b29d359c3889e311a3985314c61ef7a654ed6c22d43e44b080
- repo_url: Lum1104/Understand-Anything
  host: github.com
  resolved_commit: 470cc01dc5f9236a93eb704afdd479cd5db79710
  virtual_path: understand-anything-plugin/skills/understand-dashboard
  is_virtual: true
  package_type: claude_skill
  deployed_files:
  - .agents/skills/understand-dashboard
  - .claude/skills/understand-dashboard
  - .codeium/windsurf/skills/understand-dashboard
  content_hash: sha256:32771fb738e732febba2c780df113354fdc08085aee73e6531ded3e0ad17ee29
- repo_url: Lum1104/Understand-Anything
  host: github.com
  resolved_commit: 470cc01dc5f9236a93eb704afdd479cd5db79710
  virtual_path: understand-anything-plugin/skills/understand-diff
  is_virtual: true
  package_type: claude_skill
  deployed_files:
  - .agents/skills/understand-diff
  - .claude/skills/understand-diff
  - .codeium/windsurf/skills/understand-diff
  content_hash: sha256:e258781324eaab144a9340c32ea2a49f7584ec7b5984121e11dcffe16fbee03c
- repo_url: Lum1104/Understand-Anything
  host: github.com
  resolved_commit: 470cc01dc5f9236a93eb704afdd479cd5db79710
  virtual_path: understand-anything-plugin/skills/understand-explain
  is_virtual: true
  package_type: claude_skill
  deployed_files:
  - .agents/skills/understand-explain
  - .claude/skills/understand-explain
  - .codeium/windsurf/skills/understand-explain
  content_hash: sha256:8f6ef8bc8d4be5e0e8dd764c0d4c5a42b95fa47191e22edbb5ccc351828af7b6
- repo_url: Lum1104/Understand-Anything
  host: github.com
  resolved_commit: 470cc01dc5f9236a93eb704afdd479cd5db79710
  virtual_path: understand-anything-plugin/skills/understand-onboard
  is_virtual: true
  package_type: claude_skill
  deployed_files:
  - .agents/skills/understand-onboard
  - .claude/skills/understand-onboard
  - .codeium/windsurf/skills/understand-onboard
  content_hash: sha256:f486302a95dd1e871c5f1ac1dba1d87b8b40e61802fffedead5d203676fdc771
- repo_url: SawyerHood/dev-browser
  host: github.com
  resolved_commit: 9c85e469e213badb5c5ff96987553e6ff05df9f4
  virtual_path: skills/dev-browser
  is_virtual: true
  package_type: claude_skill
  deployed_files:
  - .agents/skills/dev-browser
  - .claude/skills/dev-browser
  - .codeium/windsurf/skills/dev-browser
  content_hash: sha256:d50d11bbefdc1599d78900828dcb69d48e5091769d3f5ce10e06a60efe2405bf
- repo_url: anthropics/claude-code
  host: github.com
  resolved_commit: 39e853e4074d90f27afdfb7ea601e0fc378bd0c5
  virtual_path: plugins/frontend-design/skills/frontend-design
  is_virtual: true
  package_type: claude_skill
  deployed_files:
  - .agents/skills/frontend-design
  - .claude/skills/frontend-design
  - .codeium/windsurf/skills/frontend-design
  content_hash: sha256:e8118284a6365753790d44bb2758a6032b3af27fa84696428d9233f2be0f4e78
- repo_url: apollographql/skills
  host: github.com
  resolved_commit: 64d4087d629e413da1bac780abeaefd653847440
  virtual_path: skills/rust-best-practices
  is_virtual: true
  package_type: claude_skill
  deployed_files:
  - .agents/skills/rust-best-practices
  - .claude/skills/rust-best-practices
  - .codeium/windsurf/skills/rust-best-practices
  content_hash: sha256:62f6902bb48e44f2cc6d4ccb85d7162eb3752e7a3970a735435df6a4b5913ad4
- repo_url: benjitaylor/agentation
  host: github.com
  resolved_commit: 7dc5d65378fa901e6eead81d4e2bb62950d49f0b
  virtual_path: skills/agentation
  is_virtual: true
  package_type: claude_skill
  deployed_files:
  - .agents/skills/agentation
  - .claude/skills/agentation
  - .codeium/windsurf/skills/agentation
  content_hash: sha256:6ba2c955bee6ab3e9c7781b2553e3574b4c9ec35e539437d0831bfe368de8550
- repo_url: benjitaylor/agentation
  host: github.com
  resolved_commit: 7dc5d65378fa901e6eead81d4e2bb62950d49f0b
  virtual_path: skills/agentation-self-driving
  is_virtual: true
  package_type: claude_skill
  deployed_files:
  - .agents/skills/agentation-self-driving
  - .claude/skills/agentation-self-driving
  - .codeium/windsurf/skills/agentation-self-driving
  content_hash: sha256:405cf94e4df9b048ab42e51f26ad971dc6b986167b74eb46393abd6f1f5b5f88
- repo_url: browser-use/browser-harness
  host: github.com
  resolved_commit: 6d20866664ea3d9691b27bbf64f42ae097437dc3
  package_type: claude_skill
  deployed_files:
  - .agents/skills/browser-harness
  - .claude/skills/browser-harness
  - .codeium/windsurf/skills/browser-harness
  content_hash: sha256:aff0ee1de9c886ea33b078b6b29e5556f1268bb9331edcd4cbc5f17771f2949c
- repo_url: caad-develop/claude-code-marketplace
  host: github.com
  resolved_commit: 0130952e6c47e230403dd46654a4a272d176fa61
  virtual_path: plugins/infra/ca-pass
  is_virtual: true
  package_type: marketplace_plugin
  deployed_files:
  - .agents/skills/ca-pass
  - .claude/skills/ca-pass
  - .codeium/windsurf/skills/ca-pass
  content_hash: sha256:7d65f6a5ddc64d232e327d551fc71c7d737e7f9519c4e8810b305cec0499dd0d
- repo_url: caad-develop/claude-code-marketplace
  host: github.com
  resolved_commit: 0130952e6c47e230403dd46654a4a272d176fa61
  virtual_path: plugins/infra/mdb
  is_virtual: true
  package_type: marketplace_plugin
  deployed_files:
  - .agents/skills/mdb
  - .claude/skills/mdb
  - .codeium/windsurf/skills/mdb
  content_hash: sha256:3c7d57154c87020d236168529a418265389098f6d60aaa62c5bde31248e55ac0
- repo_url: caad-develop/claude-code-marketplace
  host: github.com
  resolved_commit: 0130952e6c47e230403dd46654a4a272d176fa61
  virtual_path: plugins/infra/notica-notification-api
  is_virtual: true
  package_type: marketplace_plugin
  deployed_files:
  - .agents/skills/notica-notification-api
  - .claude/skills/notica-notification-api
  - .codeium/windsurf/skills/notica-notification-api
  content_hash: sha256:fd788d0a1e2afbcd099855b7615bf910c1b31ec1b03becf9b50d946ccc0b11d4
- repo_url: caad-develop/claude-code-marketplace
  host: github.com
  resolved_commit: 0130952e6c47e230403dd46654a4a272d176fa61
  virtual_path: plugins/infra/perman-aws-vault
  is_virtual: true
  package_type: marketplace_plugin
  deployed_files:
  - .agents/skills/perman-aws-vault
  - .claude/skills/perman-aws-vault
  - .codeium/windsurf/skills/perman-aws-vault
  content_hash: sha256:3d760f5f0f512eeae40bc433a2b6d384fedecb63bb239d16bf2712b509ed2f55
- repo_url: caad-develop/claude-code-marketplace
  host: github.com
  resolved_commit: 0130952e6c47e230403dd46654a4a272d176fa61
  virtual_path: plugins/utils/caad-skill-deployer
  is_virtual: true
  package_type: marketplace_plugin
  deployed_files:
  - .agents/skills/caad-skill-deployer
  - .claude/skills/caad-skill-deployer
  - .codeium/windsurf/skills/caad-skill-deployer
  content_hash: sha256:cb32203710a69564002d0f812dc2e0673a91490ef407e90a13382e1cd48c9306
- repo_url: cloudflare/skills
  host: github.com
  resolved_commit: 60147cbb773649eadca89cee92b4e0caf02234b4
  virtual_path: skills/workers-best-practices
  is_virtual: true
  package_type: claude_skill
  deployed_files:
  - .agents/skills/workers-best-practices
  - .claude/skills/workers-best-practices
  - .codeium/windsurf/skills/workers-best-practices
  content_hash: sha256:ebd71bed0ade41e2d4839b0d280ec6d93dced0d19f568d27b92da00e4aa9943c
- repo_url: cloudflare/skills
  host: github.com
  resolved_commit: 60147cbb773649eadca89cee92b4e0caf02234b4
  virtual_path: skills/wrangler
  is_virtual: true
  package_type: claude_skill
  deployed_files:
  - .agents/skills/wrangler
  - .claude/skills/wrangler
  - .codeium/windsurf/skills/wrangler
  content_hash: sha256:11edeb37eedb91deedde694b2bb1cc4ff4e8b5a8f1836c217a8c871fe39abcb5
- repo_url: cursor/plugins
  host: github.com
  resolved_commit: b8f2564c2e8da66b331c1dd63c2a2925d6739961
  resolved_ref: b8f2564c2e8da66b331c1dd63c2a2925d6739961
  virtual_path: cursor-team-kit/skills/thermo-nuclear-code-quality-review
  is_virtual: true
  package_type: claude_skill
  deployed_files:
  - .agents/skills/thermo-nuclear-code-quality-review
  - .claude/skills/thermo-nuclear-code-quality-review
  - .codeium/windsurf/skills/thermo-nuclear-code-quality-review
  content_hash: sha256:9052b01b46b1d8dbf94c45f9313ec1983443f9a460e83d49cdc7fe0f640ca476
- repo_url: gonta223/humanizer-ja
  host: github.com
  resolved_commit: a1e343696e43aa50e7218891f3319ab22cde3464
  package_type: claude_skill
  deployed_files:
  - .agents/skills/humanizer-ja
  - .claude/skills/humanizer-ja
  - .codeium/windsurf/skills/humanizer-ja
  content_hash: sha256:b6da4ef92a941ab364ab1ddf259d9e511e098a0719f7ee2202847351c34a8194
- repo_url: hashicorp/agent-skills
  host: github.com
  resolved_commit: 43ca9b0cde131e20a129c106bc9f6b6f9f1e5c9a
  virtual_path: terraform/code-generation/skills/terraform-style-guide
  is_virtual: true
  package_type: claude_skill
  deployed_files:
  - .agents/skills/terraform-style-guide
  - .claude/skills/terraform-style-guide
  - .codeium/windsurf/skills/terraform-style-guide
  content_hash: sha256:fd301fe5bfb41764acac67c25244cc5650b5dd0a5d8d037414449a2d3adecbbf
- repo_url: hashicorp/agent-skills
  host: github.com
  resolved_commit: 43ca9b0cde131e20a129c106bc9f6b6f9f1e5c9a
  virtual_path: terraform/code-generation/skills/terraform-test
  is_virtual: true
  package_type: claude_skill
  deployed_files:
  - .agents/skills/terraform-test
  - .claude/skills/terraform-test
  - .codeium/windsurf/skills/terraform-test
  content_hash: sha256:124fdde03e38d9942810e65e762eaf95f8680a1f1f6fdae3ecda16d86b10620b
- repo_url: ibelick/ui-skills
  host: github.com
  resolved_commit: 4fa3901211bd1a11e858141c1afee22ad77b737b
  virtual_path: skills/baseline-ui
  is_virtual: true
  package_type: claude_skill
  deployed_files:
  - .agents/skills/baseline-ui
  - .claude/skills/baseline-ui
  - .codeium/windsurf/skills/baseline-ui
  content_hash: sha256:49817c981208de2f412719f7814d31eba2b2096462edc048a279d93f522cab0f
- repo_url: ibelick/ui-skills
  host: github.com
  resolved_commit: 4fa3901211bd1a11e858141c1afee22ad77b737b
  virtual_path: skills/fixing-accessibility
  is_virtual: true
  package_type: claude_skill
  deployed_files:
  - .agents/skills/fixing-accessibility
  - .claude/skills/fixing-accessibility
  - .codeium/windsurf/skills/fixing-accessibility
  content_hash: sha256:4fa8f5a772b4eef3d28a54c136b507d070e54e2c326578f65eaf5e5a0118b38a
- repo_url: ibelick/ui-skills
  host: github.com
  resolved_commit: 4fa3901211bd1a11e858141c1afee22ad77b737b
  virtual_path: skills/fixing-metadata
  is_virtual: true
  package_type: claude_skill
  deployed_files:
  - .agents/skills/fixing-metadata
  - .claude/skills/fixing-metadata
  - .codeium/windsurf/skills/fixing-metadata
  content_hash: sha256:699e13890fb50acffa02dfd2d5b0e719bd916a9e2b7e6035bdc4513fc73d9174
- repo_url: ibelick/ui-skills
  host: github.com
  resolved_commit: 4fa3901211bd1a11e858141c1afee22ad77b737b
  virtual_path: skills/fixing-motion-performance
  is_virtual: true
  package_type: claude_skill
  deployed_files:
  - .agents/skills/fixing-motion-performance
  - .claude/skills/fixing-motion-performance
  - .codeium/windsurf/skills/fixing-motion-performance
  content_hash: sha256:426dcf33f23419643f2aab71e2253e1a5b5684a808fabb8a4ad135e489ed7a0f
- repo_url: jakubkrehel/make-interfaces-feel-better
  host: github.com
  resolved_commit: 384562064fcdd99778fcbafd8729626fe6aab02f
  virtual_path: skills/make-interfaces-feel-better
  is_virtual: true
  package_type: claude_skill
  deployed_files:
  - .agents/skills/make-interfaces-feel-better
  - .claude/skills/make-interfaces-feel-better
  - .codeium/windsurf/skills/make-interfaces-feel-better
  content_hash: sha256:99aaea521aa0f1c7d041d70bb6b75581c1a50ec6ac59ceaaa923b6339ffa417b
- repo_url: jey3dayo/apm-workspace
  host: github.com
  resolved_commit: c602a5a81af6ca1ff914a89b42a5a2ea82a9be5a
  resolved_ref: main
  virtual_path: catalog
  is_virtual: true
  package_type: skill_bundle
  deployed_files:
  - .agents/skills/1password-item-ops
  - .agents/skills/agent-creator
  - .agents/skills/apm-usage
  - .agents/skills/architecture-boundary-docs
  - .agents/skills/atomic-commit
  - .agents/skills/chrome-debug
  - .agents/skills/claude-system
  - .agents/skills/code-quality-improvement
  - .agents/skills/code-review
  - .agents/skills/codex-system
  - .agents/skills/command-creator
  - .agents/skills/design-check
  - .agents/skills/design-md-workflow
  - .agents/skills/distributions-manager
  - .agents/skills/docs-entrypoint-review
  - .agents/skills/docs-manager
  - .agents/skills/dotenvx-env-ops
  - .agents/skills/dotfiles-integration
  - .agents/skills/drawio
  - .agents/skills/gemini-system
  - .agents/skills/generate-svg
  - .agents/skills/gh-create-pr
  - .agents/skills/git-automation
  - .agents/skills/git-worktree
  - .agents/skills/golang
  - .agents/skills/google-forms-survey-builder
  - .agents/skills/greptileai
  - .agents/skills/implementation-engine
  - .agents/skills/integration-framework
  - .agents/skills/knowledge-creator
  - .agents/skills/learnings-knowledge
  - .agents/skills/linear-task-ops
  - .agents/skills/macos-troubleshooting
  - .agents/skills/mcp-tools
  - .agents/skills/mise
  - .agents/skills/mole-management
  - .agents/skills/nix-dotfiles
  - .agents/skills/nvim
  - .agents/skills/polish
  - .agents/skills/pr-feedback-orchestrator
  - .agents/skills/predictive-analysis
  - .agents/skills/premortem
  - .agents/skills/project-maintenance
  - .agents/skills/react
  - .agents/skills/react-grid-layout
  - .agents/skills/refactoring
  - .agents/skills/rtk
  - .agents/skills/rules-creator
  - .agents/skills/similarity
  - .agents/skills/skill-creator
  - .agents/skills/slide-docs
  - .agents/skills/subagent-task-review-loop
  - .agents/skills/task-router
  - .agents/skills/task-to-pr
  - .agents/skills/tauri-dev-screenshot
  - .agents/skills/tauri-icon-gen
  - .agents/skills/tauri-webview-geometry
  - .agents/skills/tsr
  - .agents/skills/typescript
  - .agents/skills/wezterm
  - .agents/skills/zsh
  - .claude/skills/1password-item-ops
  - .claude/skills/agent-creator
  - .claude/skills/apm-usage
  - .claude/skills/architecture-boundary-docs
  - .claude/skills/atomic-commit
  - .claude/skills/chrome-debug
  - .claude/skills/claude-system
  - .claude/skills/code-quality-improvement
  - .claude/skills/code-review
  - .claude/skills/codex-system
  - .claude/skills/command-creator
  - .claude/skills/design-check
  - .claude/skills/design-md-workflow
  - .claude/skills/distributions-manager
  - .claude/skills/docs-entrypoint-review
  - .claude/skills/docs-manager
  - .claude/skills/dotenvx-env-ops
  - .claude/skills/dotfiles-integration
  - .claude/skills/drawio
  - .claude/skills/gemini-system
  - .claude/skills/generate-svg
  - .claude/skills/gh-create-pr
  - .claude/skills/git-automation
  - .claude/skills/git-worktree
  - .claude/skills/golang
  - .claude/skills/google-forms-survey-builder
  - .claude/skills/greptileai
  - .claude/skills/implementation-engine
  - .claude/skills/integration-framework
  - .claude/skills/knowledge-creator
  - .claude/skills/learnings-knowledge
  - .claude/skills/linear-task-ops
  - .claude/skills/macos-troubleshooting
  - .claude/skills/mcp-tools
  - .claude/skills/mise
  - .claude/skills/mole-management
  - .claude/skills/nix-dotfiles
  - .claude/skills/nvim
  - .claude/skills/polish
  - .claude/skills/pr-feedback-orchestrator
  - .claude/skills/predictive-analysis
  - .claude/skills/premortem
  - .claude/skills/prepare-goal
  - .claude/skills/project-maintenance
  - .claude/skills/react
  - .claude/skills/react-grid-layout
  - .claude/skills/refactoring
  - .claude/skills/rtk
  - .claude/skills/rules-creator
  - .claude/skills/similarity
  - .claude/skills/skill-creator
  - .claude/skills/slide-docs
  - .claude/skills/subagent-task-review-loop
  - .claude/skills/task-router
  - .claude/skills/task-to-pr
  - .claude/skills/tauri-dev-screenshot
  - .claude/skills/tauri-icon-gen
  - .claude/skills/tauri-webview-geometry
  - .claude/skills/tsr
  - .claude/skills/typescript
  - .claude/skills/wezterm
  - .claude/skills/zsh
  - .codeium/windsurf/skills/1password-item-ops
  - .codeium/windsurf/skills/agent-creator
  - .codeium/windsurf/skills/apm-usage
  - .codeium/windsurf/skills/architecture-boundary-docs
  - .codeium/windsurf/skills/atomic-commit
  - .codeium/windsurf/skills/chrome-debug
  - .codeium/windsurf/skills/claude-system
  - .codeium/windsurf/skills/code-quality-improvement
  - .codeium/windsurf/skills/code-review
  - .codeium/windsurf/skills/codex-system
  - .codeium/windsurf/skills/command-creator
  - .codeium/windsurf/skills/design-check
  - .codeium/windsurf/skills/design-md-workflow
  - .codeium/windsurf/skills/distributions-manager
  - .codeium/windsurf/skills/docs-entrypoint-review
  - .codeium/windsurf/skills/docs-manager
  - .codeium/windsurf/skills/dotenvx-env-ops
  - .codeium/windsurf/skills/dotfiles-integration
  - .codeium/windsurf/skills/drawio
  - .codeium/windsurf/skills/gemini-system
  - .codeium/windsurf/skills/generate-svg
  - .codeium/windsurf/skills/gh-create-pr
  - .codeium/windsurf/skills/git-automation
  - .codeium/windsurf/skills/git-worktree
  - .codeium/windsurf/skills/golang
  - .codeium/windsurf/skills/google-forms-survey-builder
  - .codeium/windsurf/skills/greptileai
  - .codeium/windsurf/skills/implementation-engine
  - .codeium/windsurf/skills/integration-framework
  - .codeium/windsurf/skills/knowledge-creator
  - .codeium/windsurf/skills/learnings-knowledge
  - .codeium/windsurf/skills/linear-task-ops
  - .codeium/windsurf/skills/macos-troubleshooting
  - .codeium/windsurf/skills/mcp-tools
  - .codeium/windsurf/skills/mise
  - .codeium/windsurf/skills/mole-management
  - .codeium/windsurf/skills/nix-dotfiles
  - .codeium/windsurf/skills/nvim
  - .codeium/windsurf/skills/polish
  - .codeium/windsurf/skills/pr-feedback-orchestrator
  - .codeium/windsurf/skills/predictive-analysis
  - .codeium/windsurf/skills/premortem
  - .codeium/windsurf/skills/prepare-goal
  - .codeium/windsurf/skills/project-maintenance
  - .codeium/windsurf/skills/react
  - .codeium/windsurf/skills/react-grid-layout
  - .codeium/windsurf/skills/refactoring
  - .codeium/windsurf/skills/rtk
  - .codeium/windsurf/skills/rules-creator
  - .codeium/windsurf/skills/similarity
  - .codeium/windsurf/skills/skill-creator
  - .codeium/windsurf/skills/slide-docs
  - .codeium/windsurf/skills/subagent-task-review-loop
  - .codeium/windsurf/skills/task-router
  - .codeium/windsurf/skills/task-to-pr
  - .codeium/windsurf/skills/tauri-dev-screenshot
  - .codeium/windsurf/skills/tauri-icon-gen
  - .codeium/windsurf/skills/tauri-webview-geometry
  - .codeium/windsurf/skills/tsr
  - .codeium/windsurf/skills/typescript
  - .codeium/windsurf/skills/wezterm
  - .codeium/windsurf/skills/zsh
  content_hash: sha256:ae3451cdb0508b127f3ca4b289957d290408749a8959b3cabd54e1b9e31acb06
- repo_url: langchain-ai/deepagents
  host: github.com
  resolved_commit: 0bd35b26f4d5a8a2bce8a5375910a8914f0d4790
  virtual_path: libs/cli/examples/skills/web-research
  is_virtual: true
  package_type: claude_skill
  deployed_files:
  - .agents/skills/web-research
  - .claude/skills/web-research
  - .codeium/windsurf/skills/web-research
  content_hash: sha256:2b66d5db8c8d70474e70638f437f324fb3af3724b71bf8501e48c8004e70e677
- repo_url: millionco/react-doctor
  host: github.com
  resolved_commit: 3bde0309e8e2aa51404ba6e4993f5af41ad80eaf
  virtual_path: skills/react-doctor
  is_virtual: true
  package_type: claude_skill
  deployed_files:
  - .agents/skills/react-doctor
  - .claude/skills/react-doctor
  - .codeium/windsurf/skills/react-doctor
  content_hash: sha256:26b327a7146dfd129f51b409ed5a22f0801b735da25001b5c42b718ecc0822ac
- repo_url: mizchi/skills
  host: github.com
  resolved_commit: f74212c0e3c2e1cf420d27c6418af1a10f697f4b
  virtual_path: empirical-prompt-tuning
  is_virtual: true
  package_type: claude_skill
  deployed_files:
  - .agents/skills/empirical-prompt-tuning
  - .claude/skills/empirical-prompt-tuning
  - .codeium/windsurf/skills/empirical-prompt-tuning
  content_hash: sha256:0caa36857ba4e1f7193fa9ee3e22cac38d7e9787eda95e1726d4a39e40fb9479
- repo_url: nextlevelbuilder/ui-ux-pro-max-skill
  host: github.com
  resolved_commit: b7e3af80f6e331f6fb456667b82b12cade7c9d35
  package_type: marketplace_plugin
  deployed_files:
  - .claude/skills/ui-ux-pro-max
  - .codeium/windsurf/skills/ui-ux-pro-max
  content_hash: sha256:f967740cfa8aced3860967f06558f8b3df7d843b325b104284201d7e645d17d4
- repo_url: nyosegawa/skills
  host: github.com
  resolved_commit: c1048fe35403a3f273132306a4d49278f189c64b
  virtual_path: skills/skill-auditor
  is_virtual: true
  package_type: claude_skill
  deployed_files:
  - .agents/skills/skill-auditor
  - .claude/skills/skill-auditor
  - .codeium/windsurf/skills/skill-auditor
  content_hash: sha256:65a6f52fd391671fe6f334130290fd9c6787d2daeb22cdff55fa727977876e04
- repo_url: obra/superpowers
  host: github.com
  resolved_commit: f2cbfbefebbfef77321e4c9abc9e949826bea9d7
  virtual_path: skills/brainstorming
  is_virtual: true
  package_type: claude_skill
  deployed_files:
  - .agents/skills/brainstorming
  - .claude/skills/brainstorming
  - .codeium/windsurf/skills/brainstorming
  content_hash: sha256:1518efecf35139a9a5b9e60906b71de874af08322200fab18a54848cea8c15fe
- repo_url: obra/superpowers
  host: github.com
  resolved_commit: f2cbfbefebbfef77321e4c9abc9e949826bea9d7
  virtual_path: skills/dispatching-parallel-agents
  is_virtual: true
  package_type: claude_skill
  deployed_files:
  - .agents/skills/dispatching-parallel-agents
  - .claude/skills/dispatching-parallel-agents
  - .codeium/windsurf/skills/dispatching-parallel-agents
  content_hash: sha256:e21044ae7496fc285f1df9ff3fb518a3a20bea6f5216c1f59f4987e12c769a0a
- repo_url: obra/superpowers
  host: github.com
  resolved_commit: f2cbfbefebbfef77321e4c9abc9e949826bea9d7
  virtual_path: skills/executing-plans
  is_virtual: true
  package_type: claude_skill
  deployed_files:
  - .agents/skills/executing-plans
  - .claude/skills/executing-plans
  - .codeium/windsurf/skills/executing-plans
  content_hash: sha256:b41c919caf1bb07fbacb0e29899ac513f9eb11cd4dd695975ad352c2c03cc4d7
- repo_url: obra/superpowers
  host: github.com
  resolved_commit: f2cbfbefebbfef77321e4c9abc9e949826bea9d7
  virtual_path: skills/finishing-a-development-branch
  is_virtual: true
  package_type: claude_skill
  deployed_files:
  - .agents/skills/finishing-a-development-branch
  - .claude/skills/finishing-a-development-branch
  - .codeium/windsurf/skills/finishing-a-development-branch
  content_hash: sha256:932d23af11a3eb2b758f5b1d9aec7b6d28ddd26658328414f87f34dff7179d19
- repo_url: obra/superpowers
  host: github.com
  resolved_commit: f2cbfbefebbfef77321e4c9abc9e949826bea9d7
  virtual_path: skills/receiving-code-review
  is_virtual: true
  package_type: claude_skill
  deployed_files:
  - .agents/skills/receiving-code-review
  - .claude/skills/receiving-code-review
  - .codeium/windsurf/skills/receiving-code-review
  content_hash: sha256:2760c85d4f4117b0006e7ba755f4bbd61f8f4c185f347999763c97f507274e30
- repo_url: obra/superpowers
  host: github.com
  resolved_commit: f2cbfbefebbfef77321e4c9abc9e949826bea9d7
  virtual_path: skills/requesting-code-review
  is_virtual: true
  package_type: claude_skill
  deployed_files:
  - .agents/skills/requesting-code-review
  - .claude/skills/requesting-code-review
  - .codeium/windsurf/skills/requesting-code-review
  content_hash: sha256:5a53d1f7f4cee4dee017a50d735335c7aae1874b2746207e076b5d9035315599
- repo_url: obra/superpowers
  host: github.com
  resolved_commit: f2cbfbefebbfef77321e4c9abc9e949826bea9d7
  virtual_path: skills/subagent-driven-development
  is_virtual: true
  package_type: claude_skill
  deployed_files:
  - .agents/skills/subagent-driven-development
  - .claude/skills/subagent-driven-development
  - .codeium/windsurf/skills/subagent-driven-development
  content_hash: sha256:22847d331db0aaedde0738d794896658020d25b703136d64f6690ee944688b7c
- repo_url: obra/superpowers
  host: github.com
  resolved_commit: f2cbfbefebbfef77321e4c9abc9e949826bea9d7
  virtual_path: skills/systematic-debugging
  is_virtual: true
  package_type: claude_skill
  deployed_files:
  - .agents/skills/systematic-debugging
  - .claude/skills/systematic-debugging
  - .codeium/windsurf/skills/systematic-debugging
  content_hash: sha256:ebdc9e15e5745a87d6342b6ebbc90d1ac2766b95f2334a9450fc696842815e4d
- repo_url: obra/superpowers
  host: github.com
  resolved_commit: f2cbfbefebbfef77321e4c9abc9e949826bea9d7
  virtual_path: skills/test-driven-development
  is_virtual: true
  package_type: claude_skill
  deployed_files:
  - .agents/skills/test-driven-development
  - .claude/skills/test-driven-development
  - .codeium/windsurf/skills/test-driven-development
  content_hash: sha256:126f1ebf6ccd414f42544f6e83d8cc5adb089e1108eaffb7c400701e37eecd9f
- repo_url: obra/superpowers
  host: github.com
  resolved_commit: f2cbfbefebbfef77321e4c9abc9e949826bea9d7
  virtual_path: skills/using-git-worktrees
  is_virtual: true
  package_type: claude_skill
  deployed_files:
  - .agents/skills/using-git-worktrees
  - .claude/skills/using-git-worktrees
  - .codeium/windsurf/skills/using-git-worktrees
  content_hash: sha256:bd10bc57c23040630b17c877a9bc7b4be40c35161a2e2f110d770d78e3b0a4ff
- repo_url: obra/superpowers
  host: github.com
  resolved_commit: f2cbfbefebbfef77321e4c9abc9e949826bea9d7
  virtual_path: skills/using-superpowers
  is_virtual: true
  package_type: claude_skill
  deployed_files:
  - .agents/skills/using-superpowers
  - .claude/skills/using-superpowers
  - .codeium/windsurf/skills/using-superpowers
  content_hash: sha256:114207d2bda1336e283288aed358f51e1a78bbcd42e7d4e3e16a89095a89b006
- repo_url: obra/superpowers
  host: github.com
  resolved_commit: f2cbfbefebbfef77321e4c9abc9e949826bea9d7
  virtual_path: skills/verification-before-completion
  is_virtual: true
  package_type: claude_skill
  deployed_files:
  - .agents/skills/verification-before-completion
  - .claude/skills/verification-before-completion
  - .codeium/windsurf/skills/verification-before-completion
  content_hash: sha256:9b446f0c7fe1cfb560b1d34439523b1a76d5f177290007b2c053a1c749a4a8ba
- repo_url: obra/superpowers
  host: github.com
  resolved_commit: f2cbfbefebbfef77321e4c9abc9e949826bea9d7
  virtual_path: skills/writing-plans
  is_virtual: true
  package_type: claude_skill
  deployed_files:
  - .agents/skills/writing-plans
  - .claude/skills/writing-plans
  - .codeium/windsurf/skills/writing-plans
  content_hash: sha256:6525448d840035c66700b81fbbfeb77431df04316615869569393f62af6a5616
- repo_url: obra/superpowers
  host: github.com
  resolved_commit: f2cbfbefebbfef77321e4c9abc9e949826bea9d7
  virtual_path: skills/writing-skills
  is_virtual: true
  package_type: claude_skill
  deployed_files:
  - .agents/skills/writing-skills
  - .claude/skills/writing-skills
  - .codeium/windsurf/skills/writing-skills
  content_hash: sha256:272ccd701f41b94e1119aaa99455a52cdb8e07283cb6a6aab32a7722d96bef45
- repo_url: openai/codex-plugin-cc
  host: github.com
  resolved_commit: 807e03ac9d5aa23bc395fdec8c3767500a86b3cf
  virtual_path: plugins/codex/skills/codex-cli-runtime
  is_virtual: true
  package_type: claude_skill
  deployed_files:
  - .agents/skills/codex-cli-runtime
  - .claude/skills/codex-cli-runtime
  - .codeium/windsurf/skills/codex-cli-runtime
  content_hash: sha256:03b09f8ad5721f1d33d830cff54637656c58920befcb32835c6f003e625a7a54
- repo_url: openai/codex-plugin-cc
  host: github.com
  resolved_commit: 807e03ac9d5aa23bc395fdec8c3767500a86b3cf
  virtual_path: plugins/codex/skills/codex-result-handling
  is_virtual: true
  package_type: claude_skill
  deployed_files:
  - .agents/skills/codex-result-handling
  - .claude/skills/codex-result-handling
  - .codeium/windsurf/skills/codex-result-handling
  content_hash: sha256:1ca05b8eb3e45816b428dc71e24355a89a8f997502ade309e0c53a06adb1b1e7
- repo_url: openai/codex-plugin-cc
  host: github.com
  resolved_commit: 807e03ac9d5aa23bc395fdec8c3767500a86b3cf
  virtual_path: plugins/codex/skills/gpt-5-4-prompting
  is_virtual: true
  package_type: claude_skill
  deployed_files:
  - .agents/skills/gpt-5-4-prompting
  - .claude/skills/gpt-5-4-prompting
  - .codeium/windsurf/skills/gpt-5-4-prompting
  content_hash: sha256:8e00d64a5cd9b4477e55c4a7ad0f02328ff1991ea93e2ac1fb7839b3891d3f2d
- repo_url: openai/skills
  host: github.com
  resolved_commit: b0401f07213a66414d84a65cb50c1d226f99485a
  virtual_path: skills/.curated/gh-address-comments
  is_virtual: true
  package_type: claude_skill
  deployed_files:
  - .agents/skills/gh-address-comments
  - .claude/skills/gh-address-comments
  - .codeium/windsurf/skills/gh-address-comments
  content_hash: sha256:068d34fb59cb97a39aea3de1708877b6a01210d02fa7eda5e74fc8277ed52916
- repo_url: openai/skills
  host: github.com
  resolved_commit: b0401f07213a66414d84a65cb50c1d226f99485a
  virtual_path: skills/.curated/gh-fix-ci
  is_virtual: true
  package_type: claude_skill
  deployed_files:
  - .agents/skills/gh-fix-ci
  - .claude/skills/gh-fix-ci
  - .codeium/windsurf/skills/gh-fix-ci
  content_hash: sha256:02b4d97e4bd91e342e3ec3efa06b7871097d6a64e8398f4ed5b69c64d8d902fb
- repo_url: softaworks/agent-toolkit
  host: github.com
  resolved_commit: 3027f20f3181758385a1bb8c022d4041dfb4de84
  virtual_path: skills/humanizer
  is_virtual: true
  package_type: claude_skill
  deployed_files:
  - .agents/skills/humanizer
  - .claude/skills/humanizer
  - .codeium/windsurf/skills/humanizer
  content_hash: sha256:34a38e6acc60d4529612d41ffe740bca0060d3c5e89e2a0d24ae795f67157fbb
- repo_url: softaworks/agent-toolkit
  host: github.com
  resolved_commit: 3027f20f3181758385a1bb8c022d4041dfb4de84
  virtual_path: skills/marp-slide
  is_virtual: true
  package_type: claude_skill
  deployed_files:
  - .agents/skills/marp-slide
  - .claude/skills/marp-slide
  - .codeium/windsurf/skills/marp-slide
  content_hash: sha256:eec63ab3e8a2e5a06603146e7b7ef14ce1108a30571d719b85109b1a9b5e8118
- repo_url: softaworks/agent-toolkit
  host: github.com
  resolved_commit: 3027f20f3181758385a1bb8c022d4041dfb4de84
  virtual_path: skills/mermaid-diagrams
  is_virtual: true
  package_type: claude_skill
  deployed_files:
  - .agents/skills/mermaid-diagrams
  - .claude/skills/mermaid-diagrams
  - .codeium/windsurf/skills/mermaid-diagrams
  content_hash: sha256:451b0f53d9fe30c19eea0102c8da8c3ec56cf5cce63b97f3d9d9dbf34e1088aa
- repo_url: tokoroten/prompt-review
  host: github.com
  resolved_commit: 0a83fd9eeead58fe92d0b04522da9e6840a71940
  virtual_path: .claude/skills/prompt-review
  is_virtual: true
  package_type: claude_skill
  deployed_files:
  - .agents/skills/prompt-review
  - .claude/skills/prompt-review
  - .codeium/windsurf/skills/prompt-review
  content_hash: sha256:8280504199d448d61d54028fc25f491378172d40e801c356eb9126c37a831a66
- repo_url: trailofbits/skills
  host: github.com
  resolved_commit: a56045e9ae00b3506cacefea0f672aab0a1a6e3c
  virtual_path: plugins/agentic-actions-auditor
  is_virtual: true
  package_type: marketplace_plugin
  deployed_files:
  - .agents/skills/agentic-actions-auditor
  - .claude/skills/agentic-actions-auditor
  - .codeium/windsurf/skills/agentic-actions-auditor
  content_hash: sha256:2803b2bf55ab6afb78262ef116f44f095ae6173d81e27d140e51a634ef4d5990
- repo_url: trailofbits/skills
  host: github.com
  resolved_commit: a56045e9ae00b3506cacefea0f672aab0a1a6e3c
  virtual_path: plugins/audit-context-building/skills/audit-context-building
  is_virtual: true
  package_type: claude_skill
  deployed_files:
  - .agents/skills/audit-context-building
  - .claude/skills/audit-context-building
  - .codeium/windsurf/skills/audit-context-building
  content_hash: sha256:a0abaac9302501e02ba868d34d1457a817a6267ae235ef95afa098d3cf03f338
- repo_url: trailofbits/skills
  host: github.com
  resolved_commit: a56045e9ae00b3506cacefea0f672aab0a1a6e3c
  virtual_path: plugins/sharp-edges
  is_virtual: true
  package_type: marketplace_plugin
  deployed_files:
  - .agents/skills/sharp-edges
  - .claude/agents/sharp-edges-analyzer.md
  - .claude/skills/sharp-edges
  - .codeium/windsurf/skills/sharp-edges
  - .copilot/agents/sharp-edges-analyzer.agent.md
  - .cursor/agents/sharp-edges-analyzer.md
  deployed_file_hashes:
    .claude/agents/sharp-edges-analyzer.md: sha256:c9df773b4a8a56ed88179ef46b8b4eada44092fe4227a683d37bd5219bcbbdae
    .copilot/agents/sharp-edges-analyzer.agent.md: sha256:c9df773b4a8a56ed88179ef46b8b4eada44092fe4227a683d37bd5219bcbbdae
    .cursor/agents/sharp-edges-analyzer.md: sha256:c9df773b4a8a56ed88179ef46b8b4eada44092fe4227a683d37bd5219bcbbdae
  content_hash: sha256:0a7945aa202c4a525cf47928540e4cf76a5644cd2db6f3486282b285c8f735d9
- repo_url: trailofbits/skills
  host: github.com
  resolved_commit: a56045e9ae00b3506cacefea0f672aab0a1a6e3c
  virtual_path: plugins/static-analysis
  is_virtual: true
  package_type: marketplace_plugin
  deployed_files:
  - .agents/skills/codeql
  - .agents/skills/sarif-parsing
  - .agents/skills/semgrep
  - .claude/agents/semgrep-scanner.md
  - .claude/skills/codeql
  - .claude/skills/sarif-parsing
  - .claude/skills/semgrep
  - .codeium/windsurf/skills/codeql
  - .codeium/windsurf/skills/sarif-parsing
  - .codeium/windsurf/skills/semgrep
  - .copilot/agents/semgrep-scanner.agent.md
  - .cursor/agents/semgrep-scanner.md
  deployed_file_hashes:
    .claude/agents/semgrep-scanner.md: sha256:26d412799ad8e549ca2fbe1f93536e66f222feb6a0ae78e0a286947ba5e3f416
    .copilot/agents/semgrep-scanner.agent.md: sha256:26d412799ad8e549ca2fbe1f93536e66f222feb6a0ae78e0a286947ba5e3f416
    .cursor/agents/semgrep-scanner.md: sha256:26d412799ad8e549ca2fbe1f93536e66f222feb6a0ae78e0a286947ba5e3f416
  content_hash: sha256:c0a9571c4d943b4a77c3192557c27a990914c57d09d92966c9f795164dd3b647
- repo_url: trailofbits/skills
  host: github.com
  resolved_commit: a56045e9ae00b3506cacefea0f672aab0a1a6e3c
  virtual_path: plugins/supply-chain-risk-auditor/skills/supply-chain-risk-auditor
  is_virtual: true
  package_type: claude_skill
  deployed_files:
  - .agents/skills/supply-chain-risk-auditor
  - .claude/skills/supply-chain-risk-auditor
  - .codeium/windsurf/skills/supply-chain-risk-auditor
  content_hash: sha256:a1ad4b676f0870bf2c8844876dee06feeb9127a3e7499683bac3727f6a3839cf
- repo_url: vercel-labs/agent-browser
  host: github.com
  resolved_commit: 4ad284890cb59564af603e6de403dd75dd19e832
  virtual_path: skills/agent-browser
  is_virtual: true
  package_type: claude_skill
  deployed_files:
  - .agents/skills/agent-browser
  - .claude/skills/agent-browser
  - .codeium/windsurf/skills/agent-browser
  content_hash: sha256:edad4d958bc4baf821e3391bb9889a03a8bbc0e4d7f54ee4a5f30837654fed83
- repo_url: vercel-labs/agent-skills
  host: github.com
  resolved_commit: 18a24346600009dc3fcb99e4b2cd83b301601775
  virtual_path: skills/composition-patterns
  is_virtual: true
  package_type: claude_skill
  deployed_files:
  - .agents/skills/composition-patterns
  - .claude/skills/composition-patterns
  - .codeium/windsurf/skills/composition-patterns
  content_hash: sha256:5b3564ca435f4714d5e65023351e1999e4744818603a9cfb6a6f6a61b7d84918
- repo_url: vercel-labs/agent-skills
  host: github.com
  resolved_commit: 18a24346600009dc3fcb99e4b2cd83b301601775
  virtual_path: skills/react-best-practices
  is_virtual: true
  package_type: claude_skill
  deployed_files:
  - .agents/skills/react-best-practices
  - .claude/skills/react-best-practices
  - .codeium/windsurf/skills/react-best-practices
  content_hash: sha256:74f142d28d360d78e8bac4f239a84c87f0ced9015729bc72b5458d82ff45b015
- repo_url: vercel-labs/agent-skills
  host: github.com
  resolved_commit: 18a24346600009dc3fcb99e4b2cd83b301601775
  virtual_path: skills/web-design-guidelines
  is_virtual: true
  package_type: claude_skill
  deployed_files:
  - .agents/skills/web-design-guidelines
  - .claude/skills/web-design-guidelines
  - .codeium/windsurf/skills/web-design-guidelines
  content_hash: sha256:a6a44d5498f7e8f68289902f3dedfc6f38ae0cee1e96527c80724cf27f727c2a
- repo_url: vercel-labs/skills
  host: github.com
  resolved_commit: e4243fbf7d9398722024f62850ece90fa0d5c693
  virtual_path: skills/find-skills
  is_virtual: true
  package_type: claude_skill
  deployed_files:
  - .agents/skills/find-skills
  - .claude/skills/find-skills
  - .codeium/windsurf/skills/find-skills
  content_hash: sha256:d31e234f0c90694a670222cdd1dafa853e051d7066beda389f1097c22dadd461
mcp_servers:
- chrome-devtools
- context7
- mcp-simple-voicevox
- peekaboo
- tauri-mcp-server
mcp_configs:
  chrome-devtools:
    name: chrome-devtools
    transport: stdio
    args:
    - -y
    - chrome-devtools-mcp@latest
    - --browserUrl
    - http://127.0.0.1:9222
    registry: false
    command: npx
  context7:
    name: context7
    transport: stdio
    args:
    - -y
    - '@upstash/context7-mcp@latest'
    registry: false
    command: npx
  mcp-simple-voicevox:
    name: mcp-simple-voicevox
    transport: stdio
    args:
    - -y
    - '@t09tanaka/mcp-simple-voicevox'
    registry: false
    command: npx
  peekaboo:
    name: peekaboo
    transport: stdio
    args:
    - -y
    - '@steipete/peekaboo'
    - mcp
    registry: false
    command: npx
  tauri-mcp-server:
    name: tauri-mcp-server
    transport: stdio
    args:
    - -y
    - '@hypothesi/tauri-mcp-server'
    registry: false
    command: npx
