lockfile_version: '1'
generated_at: '2026-04-23T14:15:14.000000+00:00'
apm_version: 0.9.1
dependencies:
- repo_url: EpicenterHQ/epicenter
  host: github.com
  resolved_commit: c6575235ba536e190dc42a907925b5577e163033
  virtual_path: .agents/skills/tauri
  is_virtual: true
  package_type: claude_skill
  deployed_files:
  - .agents/skills/tauri
  - .github/skills/tauri
  content_hash: sha256:e9ad9f9304bdeaab54cfff99a5ab47b8215cc8043ef686ff9036e86572f36f1b
- repo_url: Heyvhuang/ship-faster
  host: github.com
  resolved_commit: 64047d24e0ecb513a5aa879767d95ec7e0e44462
  virtual_path: skills/cloudflare
  is_virtual: true
  package_type: claude_skill
  deployed_files:
  - .agents/skills/cloudflare
  - .github/skills/cloudflare
  content_hash: sha256:03937061c79fe7e9e989cd054bf3adff6123fa58fe3ba63ed984358854d94bb0
- repo_url: Heyvhuang/ship-faster
  host: github.com
  resolved_commit: 64047d24e0ecb513a5aa879767d95ec7e0e44462
  virtual_path: skills/tool-openclaw
  is_virtual: true
  package_type: claude_skill
  deployed_files:
  - .agents/skills/tool-openclaw
  - .github/skills/tool-openclaw
  content_hash: sha256:1b9cee49d17e42ed30aa3f429102ef2b9b7fddd94e705138dce852994cdbe447
- repo_url: Lum1104/Understand-Anything
  host: github.com
  resolved_commit: 822b20d9bf1d499234ff8584b427028cadff523b
  virtual_path: understand-anything-plugin/skills/understand
  is_virtual: true
  package_type: claude_skill
  deployed_files:
  - .agents/skills/understand
  - .github/skills/understand
  content_hash: sha256:3ef3b426fc18bdb6434627f915f0cdad36bd4b64dfc723e9432fb7a17275046e
- repo_url: Lum1104/Understand-Anything
  host: github.com
  resolved_commit: 822b20d9bf1d499234ff8584b427028cadff523b
  virtual_path: understand-anything-plugin/skills/understand-chat
  is_virtual: true
  package_type: claude_skill
  deployed_files:
  - .agents/skills/understand-chat
  - .github/skills/understand-chat
  content_hash: sha256:99246057d1e523d0e5eed42e68083f978656661e53d73cac5e92983ccf1518ea
- repo_url: Lum1104/Understand-Anything
  host: github.com
  resolved_commit: 822b20d9bf1d499234ff8584b427028cadff523b
  virtual_path: understand-anything-plugin/skills/understand-dashboard
  is_virtual: true
  package_type: claude_skill
  deployed_files:
  - .agents/skills/understand-dashboard
  - .github/skills/understand-dashboard
  content_hash: sha256:38d236f95e3484352bc4dd48d72577562695bc11d4e1b376c30a2409b7692eb5
- repo_url: Lum1104/Understand-Anything
  host: github.com
  resolved_commit: 822b20d9bf1d499234ff8584b427028cadff523b
  virtual_path: understand-anything-plugin/skills/understand-diff
  is_virtual: true
  package_type: claude_skill
  deployed_files:
  - .agents/skills/understand-diff
  - .github/skills/understand-diff
  content_hash: sha256:3ffd99e2f225db4dbab3ace73d37bedd7f7f670d3fbaa5a6fff0b6654a593820
- repo_url: Lum1104/Understand-Anything
  host: github.com
  resolved_commit: 822b20d9bf1d499234ff8584b427028cadff523b
  virtual_path: understand-anything-plugin/skills/understand-explain
  is_virtual: true
  package_type: claude_skill
  deployed_files:
  - .agents/skills/understand-explain
  - .github/skills/understand-explain
  content_hash: sha256:3040f5a43b8cea6eba16117a863f171791863b9c00116e6eb96cc5f482e9cba2
- repo_url: Lum1104/Understand-Anything
  host: github.com
  resolved_commit: 822b20d9bf1d499234ff8584b427028cadff523b
  virtual_path: understand-anything-plugin/skills/understand-onboard
  is_virtual: true
  package_type: claude_skill
  deployed_files:
  - .agents/skills/understand-onboard
  - .github/skills/understand-onboard
  content_hash: sha256:2b3faf132aafb668ccc57fd743aac0584e7ec6966402c4693b9e7c180db34cce
- repo_url: SawyerHood/dev-browser
  host: github.com
  resolved_commit: 9c85e469e213badb5c5ff96987553e6ff05df9f4
  virtual_path: skills/dev-browser
  is_virtual: true
  package_type: claude_skill
  deployed_files:
  - .agents/skills/dev-browser
  - .github/skills/dev-browser
  content_hash: sha256:d50d11bbefdc1599d78900828dcb69d48e5091769d3f5ce10e06a60efe2405bf
- repo_url: anthropics/claude-code
  host: github.com
  resolved_commit: 2fa67717b8046c253cfa55fd84002e3501f1eca6
  virtual_path: plugins/frontend-design/skills/frontend-design
  is_virtual: true
  package_type: claude_skill
  deployed_files:
  - .agents/skills/frontend-design
  - .github/skills/frontend-design
  content_hash: sha256:e8118284a6365753790d44bb2758a6032b3af27fa84696428d9233f2be0f4e78
- repo_url: apollographql/skills
  host: github.com
  resolved_commit: ad83e824c65465b81898622f5f33c0aa1c1b187a
  virtual_path: skills/rust-best-practices
  is_virtual: true
  package_type: claude_skill
  deployed_files:
  - .agents/skills/rust-best-practices
  - .github/skills/rust-best-practices
  content_hash: sha256:62f6902bb48e44f2cc6d4ccb85d7162eb3752e7a3970a735435df6a4b5913ad4
- repo_url: benjitaylor/agentation
  host: github.com
  resolved_commit: 7dc5d65378fa901e6eead81d4e2bb62950d49f0b
  virtual_path: skills/agentation-self-driving
  is_virtual: true
  package_type: claude_skill
  deployed_files:
  - .agents/skills/agentation-self-driving
  - .github/skills/agentation-self-driving
  content_hash: sha256:405cf94e4df9b048ab42e51f26ad971dc6b986167b74eb46393abd6f1f5b5f88
- repo_url: browser-use/browser-harness
  host: github.com
  resolved_commit: ba8b22f1ff3db93546b5a194a1978914c8ceb0f2
  package_type: claude_skill
  deployed_files:
  - .agents/skills/browser-harness
  - .github/skills/browser-harness
  content_hash: sha256:b45719f8eb7481de086ca9cf1e58fc5d971bd0d7ae5bff11d047cb4dfd8d2f96
- repo_url: cloudflare/skills
  host: github.com
  resolved_commit: 0397d7d88fa6ac7517a88389622eb0799e86ded2
  virtual_path: skills/workers-best-practices
  is_virtual: true
  package_type: claude_skill
  deployed_files:
  - .agents/skills/workers-best-practices
  - .github/skills/workers-best-practices
  content_hash: sha256:ebd71bed0ade41e2d4839b0d280ec6d93dced0d19f568d27b92da00e4aa9943c
- repo_url: cloudflare/skills
  host: github.com
  resolved_commit: 0397d7d88fa6ac7517a88389622eb0799e86ded2
  virtual_path: skills/wrangler
  is_virtual: true
  package_type: claude_skill
  deployed_files:
  - .agents/skills/wrangler
  - .github/skills/wrangler
  content_hash: sha256:a27fded44ce73b7ef69b1b52fcdf0cdde9c2b17f345b761bf11ca32d37da2220
- repo_url: gonta223/humanizer-ja
  host: github.com
  resolved_commit: a1e343696e43aa50e7218891f3319ab22cde3464
  package_type: claude_skill
  deployed_files:
  - .agents/skills/humanizer-ja
  - .github/skills/humanizer-ja
  content_hash: sha256:b6da4ef92a941ab364ab1ddf259d9e511e098a0719f7ee2202847351c34a8194
- repo_url: ibelick/ui-skills
  host: github.com
  resolved_commit: 95d0e08524b9f287c32696760725ae32c0f59791
  virtual_path: skills/baseline-ui
  is_virtual: true
  package_type: claude_skill
  deployed_files:
  - .agents/skills/baseline-ui
  - .github/skills/baseline-ui
  content_hash: sha256:49817c981208de2f412719f7814d31eba2b2096462edc048a279d93f522cab0f
- repo_url: ibelick/ui-skills
  host: github.com
  resolved_commit: 95d0e08524b9f287c32696760725ae32c0f59791
  virtual_path: skills/fixing-accessibility
  is_virtual: true
  package_type: claude_skill
  deployed_files:
  - .agents/skills/fixing-accessibility
  - .github/skills/fixing-accessibility
  content_hash: sha256:4fa8f5a772b4eef3d28a54c136b507d070e54e2c326578f65eaf5e5a0118b38a
- repo_url: ibelick/ui-skills
  host: github.com
  resolved_commit: 95d0e08524b9f287c32696760725ae32c0f59791
  virtual_path: skills/fixing-metadata
  is_virtual: true
  package_type: claude_skill
  deployed_files:
  - .agents/skills/fixing-metadata
  - .github/skills/fixing-metadata
  content_hash: sha256:699e13890fb50acffa02dfd2d5b0e719bd916a9e2b7e6035bdc4513fc73d9174
- repo_url: ibelick/ui-skills
  host: github.com
  resolved_commit: 95d0e08524b9f287c32696760725ae32c0f59791
  virtual_path: skills/fixing-motion-performance
  is_virtual: true
  package_type: claude_skill
  deployed_files:
  - .agents/skills/fixing-motion-performance
  - .github/skills/fixing-motion-performance
  content_hash: sha256:426dcf33f23419643f2aab71e2253e1a5b5684a808fabb8a4ad135e489ed7a0f
- repo_url: jakubkrehel/make-interfaces-feel-better
  host: github.com
  resolved_commit: 384562064fcdd99778fcbafd8729626fe6aab02f
  virtual_path: skills/make-interfaces-feel-better
  is_virtual: true
  package_type: claude_skill
  deployed_files:
  - .agents/skills/make-interfaces-feel-better
  - .github/skills/make-interfaces-feel-better
  content_hash: sha256:99aaea521aa0f1c7d041d70bb6b75581c1a50ec6ac59ceaaa923b6339ffa417b
- repo_url: jey3dayo/apm-workspace
  host: github.com
  resolved_commit: fe7f55ab9fd030ba974324bfedac12c3a7951f79
  resolved_ref: main
  virtual_path: catalog
  is_virtual: true
  package_type: apm_package
  content_hash: sha256:31ff73e9cd8ae0f275e7d004bbfb59aa19edcae9e399962cfa27fc9b57ed13a3
- repo_url: jey3dayo/apm-workspace
  host: github.com
  resolved_commit: 328cab947d43ab03e448361fc2606c1997dc15f2
  resolved_ref: main
  virtual_path: manual-skills
  is_virtual: true
  package_type: apm_package
  deployed_files:
  - .agents/skills/agentation
  - .agents/skills/agentic-actions-auditor
  - .agents/skills/sarif-parsing
  - .agents/skills/sharp-edges
  - .agents/skills/skill-creator
  - .agents/skills/ui-ux-pro-max
  content_hash: sha256:9414b85729ae68629c8e971480f1b735aa7e3acd1dd1e33a92080de8f636de66
- repo_url: millionco/react-doctor
  host: github.com
  resolved_commit: b5519b60465905e8c7eb0b8a9294924bf3736158
  virtual_path: skills/react-doctor
  is_virtual: true
  package_type: claude_skill
  deployed_files:
  - .agents/skills/react-doctor
  - .github/skills/react-doctor
  content_hash: sha256:b8f396bd6db7404a899af03e649f2cf12f4c846ee7d85b6b9a475cb8175abb49
- repo_url: mizchi/chezmoi-dotfiles
  host: github.com
  resolved_commit: c7845a843b54f349113435e8f5f48705ce59acf2
  virtual_path: dot_claude/skills/empirical-prompt-tuning
  is_virtual: true
  package_type: claude_skill
  deployed_files:
  - .agents/skills/empirical-prompt-tuning
  - .github/skills/empirical-prompt-tuning
  content_hash: sha256:70e5a20153bc46d173d91ef0f5786972427afb85c971329731711c814b9c9911
- repo_url: nyosegawa/skills
  host: github.com
  resolved_commit: c1048fe35403a3f273132306a4d49278f189c64b
  virtual_path: skills/skill-auditor
  is_virtual: true
  package_type: claude_skill
  deployed_files:
  - .agents/skills/skill-auditor
  - .github/skills/skill-auditor
  content_hash: sha256:65a6f52fd391671fe6f334130290fd9c6787d2daeb22cdff55fa727977876e04
- repo_url: obra/superpowers
  host: github.com
  resolved_commit: b55764852ac78870e65c6565fb585b6cd8b3c5c9
  virtual_path: skills/brainstorming
  is_virtual: true
  package_type: claude_skill
  deployed_files:
  - .agents/skills/brainstorming
  - .github/skills/brainstorming
  content_hash: sha256:1518efecf35139a9a5b9e60906b71de874af08322200fab18a54848cea8c15fe
- repo_url: obra/superpowers
  host: github.com
  resolved_commit: b55764852ac78870e65c6565fb585b6cd8b3c5c9
  virtual_path: skills/dispatching-parallel-agents
  is_virtual: true
  package_type: claude_skill
  deployed_files:
  - .agents/skills/dispatching-parallel-agents
  - .github/skills/dispatching-parallel-agents
  content_hash: sha256:e21044ae7496fc285f1df9ff3fb518a3a20bea6f5216c1f59f4987e12c769a0a
- repo_url: obra/superpowers
  host: github.com
  resolved_commit: b55764852ac78870e65c6565fb585b6cd8b3c5c9
  virtual_path: skills/executing-plans
  is_virtual: true
  package_type: claude_skill
  deployed_files:
  - .agents/skills/executing-plans
  - .github/skills/executing-plans
  content_hash: sha256:2f709d1a2c7564f8ce6a9bb707e7f5451117ba80f8e8e2302662c29bc61246a6
- repo_url: obra/superpowers
  host: github.com
  resolved_commit: b55764852ac78870e65c6565fb585b6cd8b3c5c9
  virtual_path: skills/finishing-a-development-branch
  is_virtual: true
  package_type: claude_skill
  deployed_files:
  - .agents/skills/finishing-a-development-branch
  - .github/skills/finishing-a-development-branch
  content_hash: sha256:9edba9a38684c060fdc38290f640e1dc0c37de286723ac9be73bacacf7cd6f3d
- repo_url: obra/superpowers
  host: github.com
  resolved_commit: b55764852ac78870e65c6565fb585b6cd8b3c5c9
  virtual_path: skills/receiving-code-review
  is_virtual: true
  package_type: claude_skill
  deployed_files:
  - .agents/skills/receiving-code-review
  - .github/skills/receiving-code-review
  content_hash: sha256:2760c85d4f4117b0006e7ba755f4bbd61f8f4c185f347999763c97f507274e30
- repo_url: obra/superpowers
  host: github.com
  resolved_commit: b55764852ac78870e65c6565fb585b6cd8b3c5c9
  virtual_path: skills/requesting-code-review
  is_virtual: true
  package_type: claude_skill
  deployed_files:
  - .agents/skills/requesting-code-review
  - .github/skills/requesting-code-review
  content_hash: sha256:046180bd8519589b176d575e32a720c43cf6834f2e4d182277faf8943fe03564
- repo_url: obra/superpowers
  host: github.com
  resolved_commit: b55764852ac78870e65c6565fb585b6cd8b3c5c9
  virtual_path: skills/subagent-driven-development
  is_virtual: true
  package_type: claude_skill
  deployed_files:
  - .agents/skills/subagent-driven-development
  - .github/skills/subagent-driven-development
  content_hash: sha256:96697eb8dde8631ee7cd5e1cb29c6d7c0b8ef2869c0875dd2eedf07762e5feae
- repo_url: obra/superpowers
  host: github.com
  resolved_commit: b55764852ac78870e65c6565fb585b6cd8b3c5c9
  virtual_path: skills/systematic-debugging
  is_virtual: true
  package_type: claude_skill
  deployed_files:
  - .agents/skills/systematic-debugging
  - .github/skills/systematic-debugging
  content_hash: sha256:6fddb1f3952f65f1f3a2ef267ae4ab6919ff70a8b36672ea908640ae21a34ea0
- repo_url: obra/superpowers
  host: github.com
  resolved_commit: b55764852ac78870e65c6565fb585b6cd8b3c5c9
  virtual_path: skills/test-driven-development
  is_virtual: true
  package_type: claude_skill
  deployed_files:
  - .agents/skills/test-driven-development
  - .github/skills/test-driven-development
  content_hash: sha256:126f1ebf6ccd414f42544f6e83d8cc5adb089e1108eaffb7c400701e37eecd9f
- repo_url: obra/superpowers
  host: github.com
  resolved_commit: b55764852ac78870e65c6565fb585b6cd8b3c5c9
  virtual_path: skills/using-git-worktrees
  is_virtual: true
  package_type: claude_skill
  deployed_files:
  - .agents/skills/using-git-worktrees
  - .github/skills/using-git-worktrees
  content_hash: sha256:52bbb4b6e80918e83e92a1514f3b3757712154c2a8a42de24919e48a794c54fc
- repo_url: obra/superpowers
  host: github.com
  resolved_commit: b55764852ac78870e65c6565fb585b6cd8b3c5c9
  virtual_path: skills/using-superpowers
  is_virtual: true
  package_type: claude_skill
  deployed_files:
  - .agents/skills/using-superpowers
  - .github/skills/using-superpowers
  content_hash: sha256:8ae2ec915dd4b5e4b758ee8110190fd792e85eb05d670fece942a76603e31cb8
- repo_url: obra/superpowers
  host: github.com
  resolved_commit: b55764852ac78870e65c6565fb585b6cd8b3c5c9
  virtual_path: skills/verification-before-completion
  is_virtual: true
  package_type: claude_skill
  deployed_files:
  - .agents/skills/verification-before-completion
  - .github/skills/verification-before-completion
  content_hash: sha256:9b446f0c7fe1cfb560b1d34439523b1a76d5f177290007b2c053a1c749a4a8ba
- repo_url: obra/superpowers
  host: github.com
  resolved_commit: b55764852ac78870e65c6565fb585b6cd8b3c5c9
  virtual_path: skills/writing-plans
  is_virtual: true
  package_type: claude_skill
  deployed_files:
  - .agents/skills/writing-plans
  - .github/skills/writing-plans
  content_hash: sha256:90185bbb1bd9d4959826104c1c1900424180b8a4011f4432da886df599922788
- repo_url: obra/superpowers
  host: github.com
  resolved_commit: b55764852ac78870e65c6565fb585b6cd8b3c5c9
  virtual_path: skills/writing-skills
  is_virtual: true
  package_type: claude_skill
  deployed_files:
  - .agents/skills/writing-skills
  - .github/skills/writing-skills
  content_hash: sha256:272ccd701f41b94e1119aaa99455a52cdb8e07283cb6a6aab32a7722d96bef45
- repo_url: openai/codex-plugin-cc
  host: github.com
  resolved_commit: 807e03ac9d5aa23bc395fdec8c3767500a86b3cf
  virtual_path: plugins/codex/skills/codex-cli-runtime
  is_virtual: true
  package_type: claude_skill
  deployed_files:
  - .agents/skills/codex-cli-runtime
  - .github/skills/codex-cli-runtime
  content_hash: sha256:03b09f8ad5721f1d33d830cff54637656c58920befcb32835c6f003e625a7a54
- repo_url: openai/codex-plugin-cc
  host: github.com
  resolved_commit: 807e03ac9d5aa23bc395fdec8c3767500a86b3cf
  virtual_path: plugins/codex/skills/codex-result-handling
  is_virtual: true
  package_type: claude_skill
  deployed_files:
  - .agents/skills/codex-result-handling
  - .github/skills/codex-result-handling
  content_hash: sha256:1ca05b8eb3e45816b428dc71e24355a89a8f997502ade309e0c53a06adb1b1e7
- repo_url: openai/codex-plugin-cc
  host: github.com
  resolved_commit: 807e03ac9d5aa23bc395fdec8c3767500a86b3cf
  virtual_path: plugins/codex/skills/gpt-5-4-prompting
  is_virtual: true
  package_type: claude_skill
  deployed_files:
  - .agents/skills/gpt-5-4-prompting
  - .github/skills/gpt-5-4-prompting
  content_hash: sha256:8e00d64a5cd9b4477e55c4a7ad0f02328ff1991ea93e2ac1fb7839b3891d3f2d
- repo_url: openai/skills
  host: github.com
  resolved_commit: e940b8a86138adf03972802b990a1dfc57fcbf09
  virtual_path: skills/.curated/gh-address-comments
  is_virtual: true
  package_type: claude_skill
  deployed_files:
  - .agents/skills/gh-address-comments
  - .github/skills/gh-address-comments
  content_hash: sha256:068d34fb59cb97a39aea3de1708877b6a01210d02fa7eda5e74fc8277ed52916
- repo_url: openai/skills
  host: github.com
  resolved_commit: e940b8a86138adf03972802b990a1dfc57fcbf09
  virtual_path: skills/.curated/gh-fix-ci
  is_virtual: true
  package_type: claude_skill
  deployed_files:
  - .agents/skills/gh-fix-ci
  - .github/skills/gh-fix-ci
  content_hash: sha256:02b4d97e4bd91e342e3ec3efa06b7871097d6a64e8398f4ed5b69c64d8d902fb
- repo_url: softaworks/agent-toolkit
  host: github.com
  resolved_commit: 3027f20f3181758385a1bb8c022d4041dfb4de84
  virtual_path: skills/humanizer
  is_virtual: true
  package_type: claude_skill
  deployed_files:
  - .agents/skills/humanizer
  - .github/skills/humanizer
  content_hash: sha256:34a38e6acc60d4529612d41ffe740bca0060d3c5e89e2a0d24ae795f67157fbb
- repo_url: tokoroten/prompt-review
  host: github.com
  resolved_commit: 0a83fd9eeead58fe92d0b04522da9e6840a71940
  virtual_path: .claude/skills/prompt-review
  is_virtual: true
  package_type: claude_skill
  deployed_files:
  - .agents/skills/prompt-review
  - .github/skills/prompt-review
  content_hash: sha256:8280504199d448d61d54028fc25f491378172d40e801c356eb9126c37a831a66
- repo_url: trailofbits/skills
  host: github.com
  resolved_commit: e8cc5baf9329ccb491bfa200e82eacbac83b1ead
  virtual_path: plugins/audit-context-building/skills/audit-context-building
  is_virtual: true
  package_type: claude_skill
  deployed_files:
  - .agents/skills/audit-context-building
  - .github/skills/audit-context-building
  content_hash: sha256:a0abaac9302501e02ba868d34d1457a817a6267ae235ef95afa098d3cf03f338
- repo_url: trailofbits/skills
  host: github.com
  resolved_commit: e8cc5baf9329ccb491bfa200e82eacbac83b1ead
  virtual_path: plugins/static-analysis/skills/codeql
  is_virtual: true
  package_type: claude_skill
  deployed_files:
  - .agents/skills/codeql
  - .github/skills/codeql
  content_hash: sha256:77b1731a16efb8b1d130bcfc529ff974779fbd836d0d9054f8dc82ba8d17193c
- repo_url: trailofbits/skills
  host: github.com
  resolved_commit: e8cc5baf9329ccb491bfa200e82eacbac83b1ead
  virtual_path: plugins/static-analysis/skills/semgrep
  is_virtual: true
  package_type: claude_skill
  deployed_files:
  - .agents/skills/semgrep
  - .github/skills/semgrep
  content_hash: sha256:739945d5fdd22520a093010a9e9a2e5568a6f541f74604e4328c0ade79cda81e
- repo_url: trailofbits/skills
  host: github.com
  resolved_commit: e8cc5baf9329ccb491bfa200e82eacbac83b1ead
  virtual_path: plugins/supply-chain-risk-auditor/skills/supply-chain-risk-auditor
  is_virtual: true
  package_type: claude_skill
  deployed_files:
  - .agents/skills/supply-chain-risk-auditor
  - .github/skills/supply-chain-risk-auditor
  content_hash: sha256:1b986d50308c2fbb2a77d5a10b71747c692ce1b7a8a8718eefc3b4c6e460cb0e
- repo_url: vercel-labs/agent-browser
  host: github.com
  resolved_commit: 57405f93614fae46e5c955ce662b4785283e1301
  virtual_path: skills/agent-browser
  is_virtual: true
  package_type: claude_skill
  deployed_files:
  - .agents/skills/agent-browser
  - .github/skills/agent-browser
  content_hash: sha256:6f68d01b14796e410746fab39c2d6b36dcfa030dd59eb772f6418e2db949a16c
- repo_url: vercel-labs/agent-skills
  host: github.com
  resolved_commit: ce3e64e468f8fa09a2d075d102771838061fdac0
  virtual_path: skills/composition-patterns
  is_virtual: true
  package_type: claude_skill
  deployed_files:
  - .agents/skills/composition-patterns
  - .github/skills/composition-patterns
  content_hash: sha256:5b3564ca435f4714d5e65023351e1999e4744818603a9cfb6a6f6a61b7d84918
- repo_url: vercel-labs/agent-skills
  host: github.com
  resolved_commit: ce3e64e468f8fa09a2d075d102771838061fdac0
  virtual_path: skills/react-best-practices
  is_virtual: true
  package_type: claude_skill
  deployed_files:
  - .agents/skills/react-best-practices
  - .github/skills/react-best-practices
  content_hash: sha256:74f142d28d360d78e8bac4f239a84c87f0ced9015729bc72b5458d82ff45b015
- repo_url: vercel-labs/agent-skills
  host: github.com
  resolved_commit: ce3e64e468f8fa09a2d075d102771838061fdac0
  virtual_path: skills/web-design-guidelines
  is_virtual: true
  package_type: claude_skill
  deployed_files:
  - .agents/skills/web-design-guidelines
  - .github/skills/web-design-guidelines
  content_hash: sha256:a6a44d5498f7e8f68289902f3dedfc6f38ae0cee1e96527c80724cf27f727c2a
- repo_url: vercel-labs/skills
  host: github.com
  resolved_commit: 5516b8ad07393f35af4b50238b9d3f7cceca5f1e
  virtual_path: skills/find-skills
  is_virtual: true
  package_type: claude_skill
  deployed_files:
  - .agents/skills/find-skills
  - .github/skills/find-skills
  content_hash: sha256:d31e234f0c90694a670222cdd1dafa853e051d7066beda389f1097c22dadd461
mcp_servers:
- chrome-devtools
- context7
- mcp-simple-voicevox
- peekaboo
- tauri-mcp-server
- ultracite
mcp_configs:
  chrome-devtools:
    name: chrome-devtools
    transport: stdio
    args:
    - -y
    - chrome-devtools-mcp@latest
    - --browserUrl
    - http://127.0.0.1:9222
    registry: false
    command: npx
  context7:
    name: context7
    transport: stdio
    args:
    - -y
    - '@upstash/context7-mcp@latest'
    registry: false
    command: npx
  mcp-simple-voicevox:
    name: mcp-simple-voicevox
    transport: stdio
    args:
    - -y
    - '@t09tanaka/mcp-simple-voicevox'
    registry: false
    command: npx
  peekaboo:
    name: peekaboo
    transport: stdio
    args:
    - -y
    - '@steipete/peekaboo'
    - mcp
    registry: false
    command: npx
  tauri-mcp-server:
    name: tauri-mcp-server
    transport: stdio
    args:
    - -y
    - '@hypothesi/tauri-mcp-server'
    registry: false
    command: npx
  ultracite:
    name: ultracite
    transport: stdio
    args:
    - -y
    - mcp-remote
    - https://docs.ultracite.ai/mcp
    registry: false
    command: npx
